// !$*UTF8*$!
{
	archiveVersion = 1;
	classes = {
	};
	objectVersion = 56;
	objects = {

/* Begin PBXBuildFile section */
		2BED14C22CA89D90003F1862 /* Profile.swift in Sources */ = {isa = PBXBuildFile; fileRef = 2BED14B92CA89D90003F1862 /* Profile.swift */; };
		2BED14C32CA89D90003F1862 /* ContentView.swift in Sources */ = {isa = PBXBuildFile; fileRef = 2BED14BA2CA89D90003F1862 /* ContentView.swift */; };
		2BED14C52CA89D90003F1862 /* GridMenuView.swift in Sources */ = {isa = PBXBuildFile; fileRef = 2BED14BC2CA89D90003F1862 /* GridMenuView.swift */; };
		2BED14C62CA89D90003F1862 /* LoginView.swift in Sources */ = {isa = PBXBuildFile; fileRef = 2BED14BD2CA89D90003F1862 /* LoginView.swift */; };
		2BED14C72CA89D90003F1862 /* CameraView.swift in Sources */ = {isa = PBXBuildFile; fileRef = 2BED14BE2CA89D90003F1862 /* CameraView.swift */; };
		2BED14C82CA89D90003F1862 /* Auth0.plist in Resources */ = {isa = PBXBuildFile; fileRef = 2BED14BF2CA89D90003F1862 /* Auth0.plist */; };
		2BED14C92CA89D90003F1862 /* HomeView.swift in Sources */ = {isa = PBXBuildFile; fileRef = 2BED14C02CA89D90003F1862 /* HomeView.swift */; };
		2BED14CC2CA89DDB003F1862 /* SustainUApp.swift in Sources */ = {isa = PBXBuildFile; fileRef = 2BED14CB2CA89DDB003F1862 /* SustainUApp.swift */; };
		2BED14CF2CA89E02003F1862 /* Auth0 in Frameworks */ = {isa = PBXBuildFile; productRef = 2BED14CE2CA89E02003F1862 /* Auth0 */; };
		2BED14D12CA89FD6003F1862 /* Assets.xcassets in Resources */ = {isa = PBXBuildFile; fileRef = 2BED14D02CA89FD6003F1862 /* Assets.xcassets */; };
		CD43FF552C9CF0FE0058AE09 /* Preview Assets.xcassets in Resources */ = {isa = PBXBuildFile; fileRef = CD43FF542C9CF0FE0058AE09 /* Preview Assets.xcassets */; };
		CD43FF5F2C9CF0FE0058AE09 /* SustainUTests.swift in Sources */ = {isa = PBXBuildFile; fileRef = CD43FF5E2C9CF0FE0058AE09 /* SustainUTests.swift */; };
		CD43FF692C9CF0FE0058AE09 /* SustainUUITests.swift in Sources */ = {isa = PBXBuildFile; fileRef = CD43FF682C9CF0FE0058AE09 /* SustainUUITests.swift */; };
		CD43FF6B2C9CF0FE0058AE09 /* SustainUUITestsLaunchTests.swift in Sources */ = {isa = PBXBuildFile; fileRef = CD43FF6A2C9CF0FE0058AE09 /* SustainUUITestsLaunchTests.swift */; };
/* End PBXBuildFile section */

/* Begin PBXContainerItemProxy section */
		CD43FF5B2C9CF0FE0058AE09 /* PBXContainerItemProxy */ = {
			isa = PBXContainerItemProxy;
			containerPortal = CD43FF422C9CF0FC0058AE09 /* Project object */;
			proxyType = 1;
			remoteGlobalIDString = CD43FF492C9CF0FC0058AE09;
			remoteInfo = SustainU;
		};
		CD43FF652C9CF0FE0058AE09 /* PBXContainerItemProxy */ = {
			isa = PBXContainerItemProxy;
			containerPortal = CD43FF422C9CF0FC0058AE09 /* Project object */;
			proxyType = 1;
			remoteGlobalIDString = CD43FF492C9CF0FC0058AE09;
			remoteInfo = SustainU;
		};
/* End PBXContainerItemProxy section */

/* Begin PBXFileReference section */
		2BED14B92CA89D90003F1862 /* Profile.swift */ = {isa = PBXFileReference; fileEncoding = 4; lastKnownFileType = sourcecode.swift; path = Profile.swift; sourceTree = "<group>"; };
		2BED14BA2CA89D90003F1862 /* ContentView.swift */ = {isa = PBXFileReference; fileEncoding = 4; lastKnownFileType = sourcecode.swift; path = ContentView.swift; sourceTree = "<group>"; };
		2BED14BC2CA89D90003F1862 /* GridMenuView.swift */ = {isa = PBXFileReference; fileEncoding = 4; lastKnownFileType = sourcecode.swift; path = GridMenuView.swift; sourceTree = "<group>"; };
		2BED14BD2CA89D90003F1862 /* LoginView.swift */ = {isa = PBXFileReference; fileEncoding = 4; lastKnownFileType = sourcecode.swift; path = LoginView.swift; sourceTree = "<group>"; };
		2BED14BE2CA89D90003F1862 /* CameraView.swift */ = {isa = PBXFileReference; fileEncoding = 4; lastKnownFileType = sourcecode.swift; path = CameraView.swift; sourceTree = "<group>"; };
		2BED14BF2CA89D90003F1862 /* Auth0.plist */ = {isa = PBXFileReference; fileEncoding = 4; lastKnownFileType = text.plist.xml; path = Auth0.plist; sourceTree = "<group>"; };
		2BED14C02CA89D90003F1862 /* HomeView.swift */ = {isa = PBXFileReference; fileEncoding = 4; lastKnownFileType = sourcecode.swift; path = HomeView.swift; sourceTree = "<group>"; };
		2BED14CB2CA89DDB003F1862 /* SustainUApp.swift */ = {isa = PBXFileReference; fileEncoding = 4; lastKnownFileType = sourcecode.swift; path = SustainUApp.swift; sourceTree = "<group>"; };
		2BED14D02CA89FD6003F1862 /* Assets.xcassets */ = {isa = PBXFileReference; lastKnownFileType = folder.assetcatalog; name = Assets.xcassets; path = "../../../../app/moviles/Login sustainun/Login sustainun/Assets.xcassets"; sourceTree = "<group>"; };
		CD43FF4A2C9CF0FC0058AE09 /* SustainU.app */ = {isa = PBXFileReference; explicitFileType = wrapper.application; includeInIndex = 0; path = SustainU.app; sourceTree = BUILT_PRODUCTS_DIR; };
		CD43FF542C9CF0FE0058AE09 /* Preview Assets.xcassets */ = {isa = PBXFileReference; lastKnownFileType = folder.assetcatalog; path = "Preview Assets.xcassets"; sourceTree = "<group>"; };
		CD43FF5A2C9CF0FE0058AE09 /* SustainUTests.xctest */ = {isa = PBXFileReference; explicitFileType = wrapper.cfbundle; includeInIndex = 0; path = SustainUTests.xctest; sourceTree = BUILT_PRODUCTS_DIR; };
		CD43FF5E2C9CF0FE0058AE09 /* SustainUTests.swift */ = {isa = PBXFileReference; lastKnownFileType = sourcecode.swift; path = SustainUTests.swift; sourceTree = "<group>"; };
		CD43FF642C9CF0FE0058AE09 /* SustainUUITests.xctest */ = {isa = PBXFileReference; explicitFileType = wrapper.cfbundle; includeInIndex = 0; path = SustainUUITests.xctest; sourceTree = BUILT_PRODUCTS_DIR; };
		CD43FF682C9CF0FE0058AE09 /* SustainUUITests.swift */ = {isa = PBXFileReference; lastKnownFileType = sourcecode.swift; path = SustainUUITests.swift; sourceTree = "<group>"; };
		CD43FF6A2C9CF0FE0058AE09 /* SustainUUITestsLaunchTests.swift */ = {isa = PBXFileReference; lastKnownFileType = sourcecode.swift; path = SustainUUITestsLaunchTests.swift; sourceTree = "<group>"; };
/* End PBXFileReference section */

/* Begin PBXFrameworksBuildPhase section */
		CD43FF472C9CF0FC0058AE09 /* Frameworks */ = {
			isa = PBXFrameworksBuildPhase;
			buildActionMask = 2147483647;
			files = (
				2BED14CF2CA89E02003F1862 /* Auth0 in Frameworks */,
			);
			runOnlyForDeploymentPostprocessing = 0;
		};
		CD43FF572C9CF0FE0058AE09 /* Frameworks */ = {
			isa = PBXFrameworksBuildPhase;
			buildActionMask = 2147483647;
			files = (
			);
			runOnlyForDeploymentPostprocessing = 0;
		};
		CD43FF612C9CF0FE0058AE09 /* Frameworks */ = {
			isa = PBXFrameworksBuildPhase;
			buildActionMask = 2147483647;
			files = (
			);
			runOnlyForDeploymentPostprocessing = 0;
		};
/* End PBXFrameworksBuildPhase section */

/* Begin PBXGroup section */
		CD43FF412C9CF0FC0058AE09 = {
			isa = PBXGroup;
			children = (
				CD43FF4C2C9CF0FC0058AE09 /* SustainU */,
				CD43FF5D2C9CF0FE0058AE09 /* SustainUTests */,
				CD43FF672C9CF0FE0058AE09 /* SustainUUITests */,
				CD43FF4B2C9CF0FC0058AE09 /* Products */,
			);
			sourceTree = "<group>";
		};
		CD43FF4B2C9CF0FC0058AE09 /* Products */ = {
			isa = PBXGroup;
			children = (
				CD43FF4A2C9CF0FC0058AE09 /* SustainU.app */,
				CD43FF5A2C9CF0FE0058AE09 /* SustainUTests.xctest */,
				CD43FF642C9CF0FE0058AE09 /* SustainUUITests.xctest */,
			);
			name = Products;
			sourceTree = "<group>";
		};
		CD43FF4C2C9CF0FC0058AE09 /* SustainU */ = {
			isa = PBXGroup;
			children = (
				2BED14BF2CA89D90003F1862 /* Auth0.plist */,
				2BED14BE2CA89D90003F1862 /* CameraView.swift */,
				2BED14BA2CA89D90003F1862 /* ContentView.swift */,
				2BED14BC2CA89D90003F1862 /* GridMenuView.swift */,
				2BED14C02CA89D90003F1862 /* HomeView.swift */,
				2BED14CB2CA89DDB003F1862 /* SustainUApp.swift */,
				2BED14BD2CA89D90003F1862 /* LoginView.swift */,
				2BED14B92CA89D90003F1862 /* Profile.swift */,
				2BED14D02CA89FD6003F1862 /* Assets.xcassets */,
				CD43FF532C9CF0FE0058AE09 /* Preview Content */,
			);
			path = SustainU;
			sourceTree = "<group>";
		};
		CD43FF532C9CF0FE0058AE09 /* Preview Content */ = {
			isa = PBXGroup;
			children = (
				CD43FF542C9CF0FE0058AE09 /* Preview Assets.xcassets */,
			);
			path = "Preview Content";
			sourceTree = "<group>";
		};
		CD43FF5D2C9CF0FE0058AE09 /* SustainUTests */ = {
			isa = PBXGroup;
			children = (
				CD43FF5E2C9CF0FE0058AE09 /* SustainUTests.swift */,
			);
			path = SustainUTests;
			sourceTree = "<group>";
		};
		CD43FF672C9CF0FE0058AE09 /* SustainUUITests */ = {
			isa = PBXGroup;
			children = (
				CD43FF682C9CF0FE0058AE09 /* SustainUUITests.swift */,
				CD43FF6A2C9CF0FE0058AE09 /* SustainUUITestsLaunchTests.swift */,
			);
			path = SustainUUITests;
			sourceTree = "<group>";
		};
/* End PBXGroup section */

/* Begin PBXNativeTarget section */
		CD43FF492C9CF0FC0058AE09 /* SustainU */ = {
			isa = PBXNativeTarget;
			buildConfigurationList = CD43FF6E2C9CF0FE0058AE09 /* Build configuration list for PBXNativeTarget "SustainU" */;
			buildPhases = (
				CD43FF462C9CF0FC0058AE09 /* Sources */,
				CD43FF472C9CF0FC0058AE09 /* Frameworks */,
				CD43FF482C9CF0FC0058AE09 /* Resources */,
			);
			buildRules = (
			);
			dependencies = (
			);
			name = SustainU;
			packageProductDependencies = (
				2BED14CE2CA89E02003F1862 /* Auth0 */,
			);
			productName = SustainU;
			productReference = CD43FF4A2C9CF0FC0058AE09 /* SustainU.app */;
			productType = "com.apple.product-type.application";
		};
		CD43FF592C9CF0FE0058AE09 /* SustainUTests */ = {
			isa = PBXNativeTarget;
			buildConfigurationList = CD43FF712C9CF0FE0058AE09 /* Build configuration list for PBXNativeTarget "SustainUTests" */;
			buildPhases = (
				CD43FF562C9CF0FE0058AE09 /* Sources */,
				CD43FF572C9CF0FE0058AE09 /* Frameworks */,
				CD43FF582C9CF0FE0058AE09 /* Resources */,
			);
			buildRules = (
			);
			dependencies = (
				CD43FF5C2C9CF0FE0058AE09 /* PBXTargetDependency */,
			);
			name = SustainUTests;
			productName = SustainUTests;
			productReference = CD43FF5A2C9CF0FE0058AE09 /* SustainUTests.xctest */;
			productType = "com.apple.product-type.bundle.unit-test";
		};
		CD43FF632C9CF0FE0058AE09 /* SustainUUITests */ = {
			isa = PBXNativeTarget;
			buildConfigurationList = CD43FF742C9CF0FE0058AE09 /* Build configuration list for PBXNativeTarget "SustainUUITests" */;
			buildPhases = (
				CD43FF602C9CF0FE0058AE09 /* Sources */,
				CD43FF612C9CF0FE0058AE09 /* Frameworks */,
				CD43FF622C9CF0FE0058AE09 /* Resources */,
			);
			buildRules = (
			);
			dependencies = (
				CD43FF662C9CF0FE0058AE09 /* PBXTargetDependency */,
			);
			name = SustainUUITests;
			productName = SustainUUITests;
			productReference = CD43FF642C9CF0FE0058AE09 /* SustainUUITests.xctest */;
			productType = "com.apple.product-type.bundle.ui-testing";
		};
/* End PBXNativeTarget section */

/* Begin PBXProject section */
		CD43FF422C9CF0FC0058AE09 /* Project object */ = {
			isa = PBXProject;
			attributes = {
				BuildIndependentTargetsInParallel = 1;
				LastSwiftUpdateCheck = 1530;
				LastUpgradeCheck = 1530;
				TargetAttributes = {
					CD43FF492C9CF0FC0058AE09 = {
						CreatedOnToolsVersion = 15.3;
						LastSwiftMigration = 1530;
					};
					CD43FF592C9CF0FE0058AE09 = {
						CreatedOnToolsVersion = 15.3;
						TestTargetID = CD43FF492C9CF0FC0058AE09;
					};
					CD43FF632C9CF0FE0058AE09 = {
						CreatedOnToolsVersion = 15.3;
						TestTargetID = CD43FF492C9CF0FC0058AE09;
					};
				};
			};
			buildConfigurationList = CD43FF452C9CF0FC0058AE09 /* Build configuration list for PBXProject "SustainU" */;
			compatibilityVersion = "Xcode 14.0";
			developmentRegion = en;
			hasScannedForEncodings = 0;
			knownRegions = (
				en,
				Base,
			);
			mainGroup = CD43FF412C9CF0FC0058AE09;
			packageReferences = (
				2BED14CD2CA89E02003F1862 /* XCRemoteSwiftPackageReference "Auth0" */,
			);
			productRefGroup = CD43FF4B2C9CF0FC0058AE09 /* Products */;
			projectDirPath = "";
			projectRoot = "";
			targets = (
				CD43FF492C9CF0FC0058AE09 /* SustainU */,
				CD43FF592C9CF0FE0058AE09 /* SustainUTests */,
				CD43FF632C9CF0FE0058AE09 /* SustainUUITests */,
			);
		};
/* End PBXProject section */

/* Begin PBXResourcesBuildPhase section */
		CD43FF482C9CF0FC0058AE09 /* Resources */ = {
			isa = PBXResourcesBuildPhase;
			buildActionMask = 2147483647;
			files = (
				CD43FF552C9CF0FE0058AE09 /* Preview Assets.xcassets in Resources */,
				2BED14C82CA89D90003F1862 /* Auth0.plist in Resources */,
				2BED14D12CA89FD6003F1862 /* Assets.xcassets in Resources */,
			);
			runOnlyForDeploymentPostprocessing = 0;
		};
		CD43FF582C9CF0FE0058AE09 /* Resources */ = {
			isa = PBXResourcesBuildPhase;
			buildActionMask = 2147483647;
			files = (
			);
			runOnlyForDeploymentPostprocessing = 0;
		};
		CD43FF622C9CF0FE0058AE09 /* Resources */ = {
			isa = PBXResourcesBuildPhase;
			buildActionMask = 2147483647;
			files = (
			);
			runOnlyForDeploymentPostprocessing = 0;
		};
/* End PBXResourcesBuildPhase section */

/* Begin PBXSourcesBuildPhase section */
		CD43FF462C9CF0FC0058AE09 /* Sources */ = {
			isa = PBXSourcesBuildPhase;
			buildActionMask = 2147483647;
			files = (
				2BED14C92CA89D90003F1862 /* HomeView.swift in Sources */,
				2BED14CC2CA89DDB003F1862 /* SustainUApp.swift in Sources */,
				2BED14C62CA89D90003F1862 /* LoginView.swift in Sources */,
				2BED14C22CA89D90003F1862 /* Profile.swift in Sources */,
				2BED14C32CA89D90003F1862 /* ContentView.swift in Sources */,
				2BED14C52CA89D90003F1862 /* GridMenuView.swift in Sources */,
				2BED14C72CA89D90003F1862 /* CameraView.swift in Sources */,
			);
			runOnlyForDeploymentPostprocessing = 0;
		};
		CD43FF562C9CF0FE0058AE09 /* Sources */ = {
			isa = PBXSourcesBuildPhase;
			buildActionMask = 2147483647;
			files = (
				CD43FF5F2C9CF0FE0058AE09 /* SustainUTests.swift in Sources */,
			);
			runOnlyForDeploymentPostprocessing = 0;
		};
		CD43FF602C9CF0FE0058AE09 /* Sources */ = {
			isa = PBXSourcesBuildPhase;
			buildActionMask = 2147483647;
			files = (
				CD43FF6B2C9CF0FE0058AE09 /* SustainUUITestsLaunchTests.swift in Sources */,
				CD43FF692C9CF0FE0058AE09 /* SustainUUITests.swift in Sources */,
			);
			runOnlyForDeploymentPostprocessing = 0;
		};
/* End PBXSourcesBuildPhase section */

/* Begin PBXTargetDependency section */
		CD43FF5C2C9CF0FE0058AE09 /* PBXTargetDependency */ = {
			isa = PBXTargetDependency;
			target = CD43FF492C9CF0FC0058AE09 /* SustainU */;
			targetProxy = CD43FF5B2C9CF0FE0058AE09 /* PBXContainerItemProxy */;
		};
		CD43FF662C9CF0FE0058AE09 /* PBXTargetDependency */ = {
			isa = PBXTargetDependency;
			target = CD43FF492C9CF0FC0058AE09 /* SustainU */;
			targetProxy = CD43FF652C9CF0FE0058AE09 /* PBXContainerItemProxy */;
		};
/* End PBXTargetDependency section */

/* Begin XCBuildConfiguration section */
		CD43FF6C2C9CF0FE0058AE09 /* Debug */ = {
			isa = XCBuildConfiguration;
			buildSettings = {
				ALWAYS_SEARCH_USER_PATHS = NO;
				ASSETCATALOG_COMPILER_GENERATE_SWIFT_ASSET_SYMBOL_EXTENSIONS = YES;
				CLANG_ANALYZER_NONNULL = YES;
				CLANG_ANALYZER_NUMBER_OBJECT_CONVERSION = YES_AGGRESSIVE;
				CLANG_CXX_LANGUAGE_STANDARD = "gnu++20";
				CLANG_ENABLE_MODULES = YES;
				CLANG_ENABLE_OBJC_ARC = YES;
				CLANG_ENABLE_OBJC_WEAK = YES;
				CLANG_WARN_BLOCK_CAPTURE_AUTORELEASING = YES;
				CLANG_WARN_BOOL_CONVERSION = YES;
				CLANG_WARN_COMMA = YES;
				CLANG_WARN_CONSTANT_CONVERSION = YES;
				CLANG_WARN_DEPRECATED_OBJC_IMPLEMENTATIONS = YES;
				CLANG_WARN_DIRECT_OBJC_ISA_USAGE = YES_ERROR;
				CLANG_WARN_DOCUMENTATION_COMMENTS = YES;
				CLANG_WARN_EMPTY_BODY = YES;
				CLANG_WARN_ENUM_CONVERSION = YES;
				CLANG_WARN_INFINITE_RECURSION = YES;
				CLANG_WARN_INT_CONVERSION = YES;
				CLANG_WARN_NON_LITERAL_NULL_CONVERSION = YES;
				CLANG_WARN_OBJC_IMPLICIT_RETAIN_SELF = YES;
				CLANG_WARN_OBJC_LITERAL_CONVERSION = YES;
				CLANG_WARN_OBJC_ROOT_CLASS = YES_ERROR;
				CLANG_WARN_QUOTED_INCLUDE_IN_FRAMEWORK_HEADER = YES;
				CLANG_WARN_RANGE_LOOP_ANALYSIS = YES;
				CLANG_WARN_STRICT_PROTOTYPES = YES;
				CLANG_WARN_SUSPICIOUS_MOVE = YES;
				CLANG_WARN_UNGUARDED_AVAILABILITY = YES_AGGRESSIVE;
				CLANG_WARN_UNREACHABLE_CODE = YES;
				CLANG_WARN__DUPLICATE_METHOD_MATCH = YES;
				COPY_PHASE_STRIP = NO;
				DEBUG_INFORMATION_FORMAT = dwarf;
				ENABLE_STRICT_OBJC_MSGSEND = YES;
				ENABLE_TESTABILITY = YES;
				ENABLE_USER_SCRIPT_SANDBOXING = YES;
				GCC_C_LANGUAGE_STANDARD = gnu17;
				GCC_DYNAMIC_NO_PIC = NO;
				GCC_NO_COMMON_BLOCKS = YES;
				GCC_OPTIMIZATION_LEVEL = 0;
				GCC_PREPROCESSOR_DEFINITIONS = (
					"DEBUG=1",
					"$(inherited)",
				);
				GCC_WARN_64_TO_32_BIT_CONVERSION = YES;
				GCC_WARN_ABOUT_RETURN_TYPE = YES_ERROR;
				GCC_WARN_UNDECLARED_SELECTOR = YES;
				GCC_WARN_UNINITIALIZED_AUTOS = YES_AGGRESSIVE;
				GCC_WARN_UNUSED_FUNCTION = YES;
				GCC_WARN_UNUSED_VARIABLE = YES;
				IPHONEOS_DEPLOYMENT_TARGET = 17.4;
				LOCALIZATION_PREFERS_STRING_CATALOGS = YES;
				MTL_ENABLE_DEBUG_INFO = INCLUDE_SOURCE;
				MTL_FAST_MATH = YES;
				ONLY_ACTIVE_ARCH = YES;
				SDKROOT = iphoneos;
				SWIFT_ACTIVE_COMPILATION_CONDITIONS = "DEBUG $(inherited)";
				SWIFT_OPTIMIZATION_LEVEL = "-Onone";
			};
			name = Debug;
		};
		CD43FF6D2C9CF0FE0058AE09 /* Release */ = {
			isa = XCBuildConfiguration;
			buildSettings = {
				ALWAYS_SEARCH_USER_PATHS = NO;
				ASSETCATALOG_COMPILER_GENERATE_SWIFT_ASSET_SYMBOL_EXTENSIONS = YES;
				CLANG_ANALYZER_NONNULL = YES;
				CLANG_ANALYZER_NUMBER_OBJECT_CONVERSION = YES_AGGRESSIVE;
				CLANG_CXX_LANGUAGE_STANDARD = "gnu++20";
				CLANG_ENABLE_MODULES = YES;
				CLANG_ENABLE_OBJC_ARC = YES;
				CLANG_ENABLE_OBJC_WEAK = YES;
				CLANG_WARN_BLOCK_CAPTURE_AUTORELEASING = YES;
				CLANG_WARN_BOOL_CONVERSION = YES;
				CLANG_WARN_COMMA = YES;
				CLANG_WARN_CONSTANT_CONVERSION = YES;
				CLANG_WARN_DEPRECATED_OBJC_IMPLEMENTATIONS = YES;
				CLANG_WARN_DIRECT_OBJC_ISA_USAGE = YES_ERROR;
				CLANG_WARN_DOCUMENTATION_COMMENTS = YES;
				CLANG_WARN_EMPTY_BODY = YES;
				CLANG_WARN_ENUM_CONVERSION = YES;
				CLANG_WARN_INFINITE_RECURSION = YES;
				CLANG_WARN_INT_CONVERSION = YES;
				CLANG_WARN_NON_LITERAL_NULL_CONVERSION = YES;
				CLANG_WARN_OBJC_IMPLICIT_RETAIN_SELF = YES;
				CLANG_WARN_OBJC_LITERAL_CONVERSION = YES;
				CLANG_WARN_OBJC_ROOT_CLASS = YES_ERROR;
				CLANG_WARN_QUOTED_INCLUDE_IN_FRAMEWORK_HEADER = YES;
				CLANG_WARN_RANGE_LOOP_ANALYSIS = YES;
				CLANG_WARN_STRICT_PROTOTYPES = YES;
				CLANG_WARN_SUSPICIOUS_MOVE = YES;
				CLANG_WARN_UNGUARDED_AVAILABILITY = YES_AGGRESSIVE;
				CLANG_WARN_UNREACHABLE_CODE = YES;
				CLANG_WARN__DUPLICATE_METHOD_MATCH = YES;
				COPY_PHASE_STRIP = NO;
				DEBUG_INFORMATION_FORMAT = "dwarf-with-dsym";
				ENABLE_NS_ASSERTIONS = NO;
				ENABLE_STRICT_OBJC_MSGSEND = YES;
				ENABLE_USER_SCRIPT_SANDBOXING = YES;
				GCC_C_LANGUAGE_STANDARD = gnu17;
				GCC_NO_COMMON_BLOCKS = YES;
				GCC_WARN_64_TO_32_BIT_CONVERSION = YES;
				GCC_WARN_ABOUT_RETURN_TYPE = YES_ERROR;
				GCC_WARN_UNDECLARED_SELECTOR = YES;
				GCC_WARN_UNINITIALIZED_AUTOS = YES_AGGRESSIVE;
				GCC_WARN_UNUSED_FUNCTION = YES;
				GCC_WARN_UNUSED_VARIABLE = YES;
				IPHONEOS_DEPLOYMENT_TARGET = 17.4;
				LOCALIZATION_PREFERS_STRING_CATALOGS = YES;
				MTL_ENABLE_DEBUG_INFO = NO;
				MTL_FAST_MATH = YES;
				SDKROOT = iphoneos;
				SWIFT_COMPILATION_MODE = wholemodule;
				VALIDATE_PRODUCT = YES;
			};
			name = Release;
		};
		CD43FF6F2C9CF0FE0058AE09 /* Debug */ = {
			isa = XCBuildConfiguration;
			buildSettings = {
				ASSETCATALOG_COMPILER_APPICON_NAME = AppIcon;
				ASSETCATALOG_COMPILER_GLOBAL_ACCENT_COLOR_NAME = AccentColor;
				CLANG_ENABLE_MODULES = YES;
				CODE_SIGN_STYLE = Automatic;
				CURRENT_PROJECT_VERSION = 1;
				DEVELOPMENT_ASSET_PATHS = "\"SustainU/Preview Content\"";
				DEVELOPMENT_TEAM = F6L8ZM8N27;
				ENABLE_PREVIEWS = YES;
				GENERATE_INFOPLIST_FILE = YES;
				INFOPLIST_KEY_UIApplicationSceneManifest_Generation = YES;
				INFOPLIST_KEY_UIApplicationSupportsIndirectInputEvents = YES;
				INFOPLIST_KEY_UILaunchScreen_Generation = YES;
				INFOPLIST_KEY_UISupportedInterfaceOrientations_iPad = "UIInterfaceOrientationPortrait UIInterfaceOrientationPortraitUpsideDown UIInterfaceOrientationLandscapeLeft UIInterfaceOrientationLandscapeRight";
				INFOPLIST_KEY_UISupportedInterfaceOrientations_iPhone = "UIInterfaceOrientationPortrait UIInterfaceOrientationLandscapeLeft UIInterfaceOrientationLandscapeRight";
				LD_RUNPATH_SEARCH_PATHS = (
					"$(inherited)",
					"@executable_path/Frameworks",
				);
				MARKETING_VERSION = 1.0;
				PRODUCT_BUNDLE_IDENTIFIER = "subgrupo-swift.SustainU";
				PRODUCT_NAME = "$(TARGET_NAME)";
				SWIFT_EMIT_LOC_STRINGS = YES;
				SWIFT_OPTIMIZATION_LEVEL = "-Onone";
				SWIFT_VERSION = 5.0;
				TARGETED_DEVICE_FAMILY = "1,2";
			};
			name = Debug;
		};
		CD43FF702C9CF0FE0058AE09 /* Release */ = {
			isa = XCBuildConfiguration;
			buildSettings = {
				ASSETCATALOG_COMPILER_APPICON_NAME = AppIcon;
				ASSETCATALOG_COMPILER_GLOBAL_ACCENT_COLOR_NAME = AccentColor;
				CLANG_ENABLE_MODULES = YES;
				CODE_SIGN_STYLE = Automatic;
				CURRENT_PROJECT_VERSION = 1;
				DEVELOPMENT_ASSET_PATHS = "\"SustainU/Preview Content\"";
				DEVELOPMENT_TEAM = F6L8ZM8N27;
				ENABLE_PREVIEWS = YES;
				GENERATE_INFOPLIST_FILE = YES;
				INFOPLIST_KEY_UIApplicationSceneManifest_Generation = YES;
				INFOPLIST_KEY_UIApplicationSupportsIndirectInputEvents = YES;
				INFOPLIST_KEY_UILaunchScreen_Generation = YES;
				INFOPLIST_KEY_UISupportedInterfaceOrientations_iPad = "UIInterfaceOrientationPortrait UIInterfaceOrientationPortraitUpsideDown UIInterfaceOrientationLandscapeLeft UIInterfaceOrientationLandscapeRight";
				INFOPLIST_KEY_UISupportedInterfaceOrientations_iPhone = "UIInterfaceOrientationPortrait UIInterfaceOrientationLandscapeLeft UIInterfaceOrientationLandscapeRight";
				LD_RUNPATH_SEARCH_PATHS = (
					"$(inherited)",
					"@executable_path/Frameworks",
				);
				MARKETING_VERSION = 1.0;
				PRODUCT_BUNDLE_IDENTIFIER = "subgrupo-swift.SustainU";
				PRODUCT_NAME = "$(TARGET_NAME)";
				SWIFT_EMIT_LOC_STRINGS = YES;
				SWIFT_VERSION = 5.0;
				TARGETED_DEVICE_FAMILY = "1,2";
			};
			name = Release;
		};
		CD43FF722C9CF0FE0058AE09 /* Debug */ = {
			isa = XCBuildConfiguration;
			buildSettings = {
				ALWAYS_EMBED_SWIFT_STANDARD_LIBRARIES = YES;
				BUNDLE_LOADER = "$(TEST_HOST)";
				CODE_SIGN_STYLE = Automatic;
				CURRENT_PROJECT_VERSION = 1;
				DEVELOPMENT_TEAM = F6L8ZM8N27;
				GENERATE_INFOPLIST_FILE = YES;
				IPHONEOS_DEPLOYMENT_TARGET = 17.4;
				MARKETING_VERSION = 1.0;
				PRODUCT_BUNDLE_IDENTIFIER = "subgrupo-swift.SustainUTests";
				PRODUCT_NAME = "$(TARGET_NAME)";
				SWIFT_EMIT_LOC_STRINGS = NO;
				SWIFT_VERSION = 5.0;
				TARGETED_DEVICE_FAMILY = "1,2";
				TEST_HOST = "$(BUILT_PRODUCTS_DIR)/SustainU.app/$(BUNDLE_EXECUTABLE_FOLDER_PATH)/SustainU";
			};
			name = Debug;
		};
		CD43FF732C9CF0FE0058AE09 /* Release */ = {
			isa = XCBuildConfiguration;
			buildSettings = {
				ALWAYS_EMBED_SWIFT_STANDARD_LIBRARIES = YES;
				BUNDLE_LOADER = "$(TEST_HOST)";
				CODE_SIGN_STYLE = Automatic;
				CURRENT_PROJECT_VERSION = 1;
				DEVELOPMENT_TEAM = F6L8ZM8N27;
				GENERATE_INFOPLIST_FILE = YES;
				IPHONEOS_DEPLOYMENT_TARGET = 17.4;
				MARKETING_VERSION = 1.0;
				PRODUCT_BUNDLE_IDENTIFIER = "subgrupo-swift.SustainUTests";
				PRODUCT_NAME = "$(TARGET_NAME)";
				SWIFT_EMIT_LOC_STRINGS = NO;
				SWIFT_VERSION = 5.0;
				TARGETED_DEVICE_FAMILY = "1,2";
				TEST_HOST = "$(BUILT_PRODUCTS_DIR)/SustainU.app/$(BUNDLE_EXECUTABLE_FOLDER_PATH)/SustainU";
			};
			name = Release;
		};
		CD43FF752C9CF0FE0058AE09 /* Debug */ = {
			isa = XCBuildConfiguration;
			buildSettings = {
				ALWAYS_EMBED_SWIFT_STANDARD_LIBRARIES = YES;
				CODE_SIGN_STYLE = Automatic;
				CURRENT_PROJECT_VERSION = 1;
				DEVELOPMENT_TEAM = F6L8ZM8N27;
				GENERATE_INFOPLIST_FILE = YES;
				MARKETING_VERSION = 1.0;
				PRODUCT_BUNDLE_IDENTIFIER = "subgrupo-swift.SustainUUITests";
				PRODUCT_NAME = "$(TARGET_NAME)";
				SWIFT_EMIT_LOC_STRINGS = NO;
				SWIFT_VERSION = 5.0;
				TARGETED_DEVICE_FAMILY = "1,2";
				TEST_TARGET_NAME = SustainU;
			};
			name = Debug;
		};
		CD43FF762C9CF0FE0058AE09 /* Release */ = {
			isa = XCBuildConfiguration;
			buildSettings = {
				ALWAYS_EMBED_SWIFT_STANDARD_LIBRARIES = YES;
				CODE_SIGN_STYLE = Automatic;
				CURRENT_PROJECT_VERSION = 1;
				DEVELOPMENT_TEAM = F6L8ZM8N27;
				GENERATE_INFOPLIST_FILE = YES;
				MARKETING_VERSION = 1.0;
				PRODUCT_BUNDLE_IDENTIFIER = "subgrupo-swift.SustainUUITests";
				PRODUCT_NAME = "$(TARGET_NAME)";
				SWIFT_EMIT_LOC_STRINGS = NO;
				SWIFT_VERSION = 5.0;
				TARGETED_DEVICE_FAMILY = "1,2";
				TEST_TARGET_NAME = SustainU;
			};
			name = Release;
		};
/* End XCBuildConfiguration section */

/* Begin XCConfigurationList section */
		CD43FF452C9CF0FC0058AE09 /* Build configuration list for PBXProject "SustainU" */ = {
			isa = XCConfigurationList;
			buildConfigurations = (
				CD43FF6C2C9CF0FE0058AE09 /* Debug */,
				CD43FF6D2C9CF0FE0058AE09 /* Release */,
			);
			defaultConfigurationIsVisible = 0;
			defaultConfigurationName = Release;
		};
		CD43FF6E2C9CF0FE0058AE09 /* Build configuration list for PBXNativeTarget "SustainU" */ = {
			isa = XCConfigurationList;
			buildConfigurations = (
				CD43FF6F2C9CF0FE0058AE09 /* Debug */,
				CD43FF702C9CF0FE0058AE09 /* Release */,
			);
			defaultConfigurationIsVisible = 0;
			defaultConfigurationName = Release;
		};
		CD43FF712C9CF0FE0058AE09 /* Build configuration list for PBXNativeTarget "SustainUTests" */ = {
			isa = XCConfigurationList;
			buildConfigurations = (
				CD43FF722C9CF0FE0058AE09 /* Debug */,
				CD43FF732C9CF0FE0058AE09 /* Release */,
			);
			defaultConfigurationIsVisible = 0;
			defaultConfigurationName = Release;
		};
		CD43FF742C9CF0FE0058AE09 /* Build configuration list for PBXNativeTarget "SustainUUITests" */ = {
			isa = XCConfigurationList;
			buildConfigurations = (
				CD43FF752C9CF0FE0058AE09 /* Debug */,
				CD43FF762C9CF0FE0058AE09 /* Release */,
			);
			defaultConfigurationIsVisible = 0;
			defaultConfigurationName = Release;
		};
/* End XCConfigurationList section */

/* Begin XCRemoteSwiftPackageReference section */
		2BED14CD2CA89E02003F1862 /* XCRemoteSwiftPackageReference "Auth0" */ = {
			isa = XCRemoteSwiftPackageReference;
			repositoryURL = "https://github.com/auth0/Auth0.swift";
			requirement = {
				kind = upToNextMajorVersion;
				minimumVersion = 2.9.0;
			};
		};
/* End XCRemoteSwiftPackageReference section */

/* Begin XCSwiftPackageProductDependency section */
		2BED14CE2CA89E02003F1862 /* Auth0 */ = {
			isa = XCSwiftPackageProductDependency;
			package = 2BED14CD2CA89E02003F1862 /* XCRemoteSwiftPackageReference "Auth0" */;
			productName = Auth0;
		};
/* End XCSwiftPackageProductDependency section */
	};
	rootObject = CD43FF422C9CF0FC0058AE09 /* Project object */;
}
