// !$*UTF8*$!
{
	archiveVersion = 1;
	classes = {
	};
	objectVersion = 56;
	objects = {

/* Begin PBXBuildFile section */
		2BD5A2E72CC29361009D9624 /* LoginViewModel.swift in Sources */ = {isa = PBXBuildFile; fileRef = 2BD5A2E62CC29361009D9624 /* LoginViewModel.swift */; };
		2BED14C22CA89D90003F1862 /* ProfileModel.swift in Sources */ = {isa = PBXBuildFile; fileRef = 2BED14B92CA89D90003F1862 /* ProfileModel.swift */; };
		2BED14C32CA89D90003F1862 /* ContentView.swift in Sources */ = {isa = PBXBuildFile; fileRef = 2BED14BA2CA89D90003F1862 /* ContentView.swift */; };
		2BED14C52CA89D90003F1862 /* GridMenuView.swift in Sources */ = {isa = PBXBuildFile; fileRef = 2BED14BC2CA89D90003F1862 /* GridMenuView.swift */; };
		2BED14C62CA89D90003F1862 /* LoginView.swift in Sources */ = {isa = PBXBuildFile; fileRef = 2BED14BD2CA89D90003F1862 /* LoginView.swift */; };
		2BED14C72CA89D90003F1862 /* CameraView.swift in Sources */ = {isa = PBXBuildFile; fileRef = 2BED14BE2CA89D90003F1862 /* CameraView.swift */; };
		2BED14C82CA89D90003F1862 /* Auth0.plist in Resources */ = {isa = PBXBuildFile; fileRef = 2BED14BF2CA89D90003F1862 /* Auth0.plist */; };
		2BED14C92CA89D90003F1862 /* HomeView.swift in Sources */ = {isa = PBXBuildFile; fileRef = 2BED14C02CA89D90003F1862 /* HomeView.swift */; };
		2BED14CC2CA89DDB003F1862 /* SustainUApp.swift in Sources */ = {isa = PBXBuildFile; fileRef = 2BED14CB2CA89DDB003F1862 /* SustainUApp.swift */; };
		2BED14CF2CA89E02003F1862 /* Auth0 in Frameworks */ = {isa = PBXBuildFile; productRef = 2BED14CE2CA89E02003F1862 /* Auth0 */; };
		A108713A2CAE0EC5008312B0 /* APIConfig.swift in Sources */ = {isa = PBXBuildFile; fileRef = A10871392CAE0EC5008312B0 /* APIConfig.swift */; };
		A108713C2CAE0EED008312B0 /* MapView.swift in Sources */ = {isa = PBXBuildFile; fileRef = A108713B2CAE0EED008312B0 /* MapView.swift */; };
		A108713E2CAE0F04008312B0 /* LocationManager.swift in Sources */ = {isa = PBXBuildFile; fileRef = A108713D2CAE0F04008312B0 /* LocationManager.swift */; };
		A10871402CAE0F09008312B0 /* CollectionPointDetailView.swift in Sources */ = {isa = PBXBuildFile; fileRef = A108713F2CAE0F09008312B0 /* CollectionPointDetailView.swift */; };
		A10871422CAE0F3B008312B0 /* ItemModel.swift in Sources */ = {isa = PBXBuildFile; fileRef = A10871412CAE0F3B008312B0 /* ItemModel.swift */; };
		A10871442CAE0F4F008312B0 /* SearchBarView.swift in Sources */ = {isa = PBXBuildFile; fileRef = A10871432CAE0F4F008312B0 /* SearchBarView.swift */; };
		A10871462CAE0F54008312B0 /* SearchViewController.swift in Sources */ = {isa = PBXBuildFile; fileRef = A10871452CAE0F54008312B0 /* SearchViewController.swift */; };
		A10871482CAE0F5D008312B0 /* ExpandableSearchView.swift in Sources */ = {isa = PBXBuildFile; fileRef = A10871472CAE0F5D008312B0 /* ExpandableSearchView.swift */; };
		A1381FC82CC1F7670045993C /* CollectionPointViewModel.swift in Sources */ = {isa = PBXBuildFile; fileRef = A1381FC72CC1F7670045993C /* CollectionPointViewModel.swift */; };
		A1381FCA2CC1FB420045993C /* ExpandableSearchViewModel.swift in Sources */ = {isa = PBXBuildFile; fileRef = A1381FC92CC1FB420045993C /* ExpandableSearchViewModel.swift */; };
		A1381FCC2CC203150045993C /* MapViewModel.swift in Sources */ = {isa = PBXBuildFile; fileRef = A1381FCB2CC203150045993C /* MapViewModel.swift */; };
		A17760EA2CC0698000F10420 /* TopBarView.swift in Sources */ = {isa = PBXBuildFile; fileRef = A17760E92CC0698000F10420 /* TopBarView.swift */; };
		A17760EC2CC19CCA00F10420 /* GoogleService-Info.plist in Resources */ = {isa = PBXBuildFile; fileRef = A17760EB2CC19CCA00F10420 /* GoogleService-Info.plist */; };
		A17760EF2CC19FF600F10420 /* FirebaseAnalytics in Frameworks */ = {isa = PBXBuildFile; productRef = A17760EE2CC19FF600F10420 /* FirebaseAnalytics */; };
		A17760F12CC19FF600F10420 /* FirebaseAnalyticsOnDeviceConversion in Frameworks */ = {isa = PBXBuildFile; productRef = A17760F02CC19FF600F10420 /* FirebaseAnalyticsOnDeviceConversion */; };
		A17760F32CC19FF600F10420 /* FirebaseAnalyticsWithoutAdIdSupport in Frameworks */ = {isa = PBXBuildFile; productRef = A17760F22CC19FF600F10420 /* FirebaseAnalyticsWithoutAdIdSupport */; };
		A17760F52CC19FF600F10420 /* FirebaseAppCheck in Frameworks */ = {isa = PBXBuildFile; productRef = A17760F42CC19FF600F10420 /* FirebaseAppCheck */; };
		A17760F72CC19FF600F10420 /* FirebaseAppDistribution-Beta in Frameworks */ = {isa = PBXBuildFile; productRef = A17760F62CC19FF600F10420 /* FirebaseAppDistribution-Beta */; };
		A17760F92CC19FF600F10420 /* FirebaseAuth in Frameworks */ = {isa = PBXBuildFile; productRef = A17760F82CC19FF600F10420 /* FirebaseAuth */; };
		A17760FB2CC19FF600F10420 /* FirebaseAuthCombine-Community in Frameworks */ = {isa = PBXBuildFile; productRef = A17760FA2CC19FF600F10420 /* FirebaseAuthCombine-Community */; };
		A17760FD2CC19FF600F10420 /* FirebaseCore in Frameworks */ = {isa = PBXBuildFile; productRef = A17760FC2CC19FF600F10420 /* FirebaseCore */; };
		A17760FF2CC19FF600F10420 /* FirebaseCrashlytics in Frameworks */ = {isa = PBXBuildFile; productRef = A17760FE2CC19FF600F10420 /* FirebaseCrashlytics */; };
		A17761012CC19FF600F10420 /* FirebaseDatabase in Frameworks */ = {isa = PBXBuildFile; productRef = A17761002CC19FF600F10420 /* FirebaseDatabase */; };
		A17761032CC19FF600F10420 /* FirebaseDynamicLinks in Frameworks */ = {isa = PBXBuildFile; productRef = A17761022CC19FF600F10420 /* FirebaseDynamicLinks */; };
		A17761052CC19FF600F10420 /* FirebaseFirestore in Frameworks */ = {isa = PBXBuildFile; productRef = A17761042CC19FF600F10420 /* FirebaseFirestore */; };
		A17761072CC19FF600F10420 /* FirebaseFirestoreCombine-Community in Frameworks */ = {isa = PBXBuildFile; productRef = A17761062CC19FF600F10420 /* FirebaseFirestoreCombine-Community */; };
		A17761092CC19FF600F10420 /* FirebaseFunctions in Frameworks */ = {isa = PBXBuildFile; productRef = A17761082CC19FF600F10420 /* FirebaseFunctions */; };
		A177610B2CC19FF600F10420 /* FirebaseFunctionsCombine-Community in Frameworks */ = {isa = PBXBuildFile; productRef = A177610A2CC19FF600F10420 /* FirebaseFunctionsCombine-Community */; };
		A177610D2CC19FF600F10420 /* FirebaseInAppMessaging-Beta in Frameworks */ = {isa = PBXBuildFile; productRef = A177610C2CC19FF600F10420 /* FirebaseInAppMessaging-Beta */; };
		A177610F2CC19FF600F10420 /* FirebaseInstallations in Frameworks */ = {isa = PBXBuildFile; productRef = A177610E2CC19FF600F10420 /* FirebaseInstallations */; };
		A17761112CC19FF600F10420 /* FirebaseMLModelDownloader in Frameworks */ = {isa = PBXBuildFile; productRef = A17761102CC19FF600F10420 /* FirebaseMLModelDownloader */; };
		A17761132CC19FF600F10420 /* FirebaseMessaging in Frameworks */ = {isa = PBXBuildFile; productRef = A17761122CC19FF600F10420 /* FirebaseMessaging */; };
		A17761152CC19FF600F10420 /* FirebasePerformance in Frameworks */ = {isa = PBXBuildFile; productRef = A17761142CC19FF600F10420 /* FirebasePerformance */; };
		A17761172CC19FF600F10420 /* FirebaseRemoteConfig in Frameworks */ = {isa = PBXBuildFile; productRef = A17761162CC19FF600F10420 /* FirebaseRemoteConfig */; };
		A17761192CC19FF600F10420 /* FirebaseStorage in Frameworks */ = {isa = PBXBuildFile; productRef = A17761182CC19FF600F10420 /* FirebaseStorage */; };
		A177611B2CC19FF600F10420 /* FirebaseStorageCombine-Community in Frameworks */ = {isa = PBXBuildFile; productRef = A177611A2CC19FF600F10420 /* FirebaseStorageCombine-Community */; };
		A177611D2CC19FF600F10420 /* FirebaseVertexAI-Preview in Frameworks */ = {isa = PBXBuildFile; productRef = A177611C2CC19FF600F10420 /* FirebaseVertexAI-Preview */; };
		A17761202CC1AAF300F10420 /* CameraPopupView.swift in Sources */ = {isa = PBXBuildFile; fileRef = A177611F2CC1AAF300F10420 /* CameraPopupView.swift */; };
		A1F8761B2CAE183E002ACEE6 /* CollectionPointModel.swift in Sources */ = {isa = PBXBuildFile; fileRef = A1F8761A2CAE183E002ACEE6 /* CollectionPointModel.swift */; };
		CD0E4AFB2CC1F37700A220F3 /* CameraViewmodel.swift in Sources */ = {isa = PBXBuildFile; fileRef = CD0E4AFA2CC1F37700A220F3 /* CameraViewmodel.swift */; };
		CD43FF552C9CF0FE0058AE09 /* Preview Assets.xcassets in Resources */ = {isa = PBXBuildFile; fileRef = CD43FF542C9CF0FE0058AE09 /* Preview Assets.xcassets */; };
		CD43FF5F2C9CF0FE0058AE09 /* SustainUTests.swift in Sources */ = {isa = PBXBuildFile; fileRef = CD43FF5E2C9CF0FE0058AE09 /* SustainUTests.swift */; };
		CD43FF692C9CF0FE0058AE09 /* SustainUUITests.swift in Sources */ = {isa = PBXBuildFile; fileRef = CD43FF682C9CF0FE0058AE09 /* SustainUUITests.swift */; };
		CD43FF6B2C9CF0FE0058AE09 /* SustainUUITestsLaunchTests.swift in Sources */ = {isa = PBXBuildFile; fileRef = CD43FF6A2C9CF0FE0058AE09 /* SustainUUITestsLaunchTests.swift */; };
		CD7FB2842CA8A36F00EE6601 /* Assets.xcassets in Resources */ = {isa = PBXBuildFile; fileRef = CD7FB2832CA8A36F00EE6601 /* Assets.xcassets */; };
		CD7FB2872CA8A45A00EE6601 /* RequestModel.swift in Sources */ = {isa = PBXBuildFile; fileRef = CD7FB2862CA8A45A00EE6601 /* RequestModel.swift */; };
		CD7FB2892CA8A46F00EE6601 /* TrashTypeModel.swift in Sources */ = {isa = PBXBuildFile; fileRef = CD7FB2882CA8A46F00EE6601 /* TrashTypeModel.swift */; };
		CD7FB28B2CA8A51600EE6601 /* RequestService.swift in Sources */ = {isa = PBXBuildFile; fileRef = CD7FB28A2CA8A51600EE6601 /* RequestService.swift */; };
/* End PBXBuildFile section */

/* Begin PBXContainerItemProxy section */
		CD43FF5B2C9CF0FE0058AE09 /* PBXContainerItemProxy */ = {
			isa = PBXContainerItemProxy;
			containerPortal = CD43FF422C9CF0FC0058AE09 /* Project object */;
			proxyType = 1;
			remoteGlobalIDString = CD43FF492C9CF0FC0058AE09;
			remoteInfo = SustainU;
		};
		CD43FF652C9CF0FE0058AE09 /* PBXContainerItemProxy */ = {
			isa = PBXContainerItemProxy;
			containerPortal = CD43FF422C9CF0FC0058AE09 /* Project object */;
			proxyType = 1;
			remoteGlobalIDString = CD43FF492C9CF0FC0058AE09;
			remoteInfo = SustainU;
		};
/* End PBXContainerItemProxy section */

/* Begin PBXFileReference section */
		2BD5A2E62CC29361009D9624 /* LoginViewModel.swift */ = {isa = PBXFileReference; lastKnownFileType = sourcecode.swift; path = LoginViewModel.swift; sourceTree = "<group>"; };
		2BED14B92CA89D90003F1862 /* ProfileModel.swift */ = {isa = PBXFileReference; fileEncoding = 4; lastKnownFileType = sourcecode.swift; path = ProfileModel.swift; sourceTree = "<group>"; };
		2BED14BA2CA89D90003F1862 /* ContentView.swift */ = {isa = PBXFileReference; fileEncoding = 4; lastKnownFileType = sourcecode.swift; path = ContentView.swift; sourceTree = "<group>"; };
		2BED14BC2CA89D90003F1862 /* GridMenuView.swift */ = {isa = PBXFileReference; fileEncoding = 4; lastKnownFileType = sourcecode.swift; path = GridMenuView.swift; sourceTree = "<group>"; };
		2BED14BD2CA89D90003F1862 /* LoginView.swift */ = {isa = PBXFileReference; fileEncoding = 4; lastKnownFileType = sourcecode.swift; path = LoginView.swift; sourceTree = "<group>"; };
		2BED14BE2CA89D90003F1862 /* CameraView.swift */ = {isa = PBXFileReference; fileEncoding = 4; lastKnownFileType = sourcecode.swift; path = CameraView.swift; sourceTree = "<group>"; };
		2BED14BF2CA89D90003F1862 /* Auth0.plist */ = {isa = PBXFileReference; fileEncoding = 4; lastKnownFileType = text.plist.xml; path = Auth0.plist; sourceTree = "<group>"; };
		2BED14C02CA89D90003F1862 /* HomeView.swift */ = {isa = PBXFileReference; fileEncoding = 4; lastKnownFileType = sourcecode.swift; path = HomeView.swift; sourceTree = "<group>"; };
		2BED14CB2CA89DDB003F1862 /* SustainUApp.swift */ = {isa = PBXFileReference; fileEncoding = 4; lastKnownFileType = sourcecode.swift; path = SustainUApp.swift; sourceTree = "<group>"; };
		A10871392CAE0EC5008312B0 /* APIConfig.swift */ = {isa = PBXFileReference; fileEncoding = 4; lastKnownFileType = sourcecode.swift; path = APIConfig.swift; sourceTree = "<group>"; };
		A108713B2CAE0EED008312B0 /* MapView.swift */ = {isa = PBXFileReference; fileEncoding = 4; lastKnownFileType = sourcecode.swift; path = MapView.swift; sourceTree = "<group>"; };
		A108713D2CAE0F04008312B0 /* LocationManager.swift */ = {isa = PBXFileReference; fileEncoding = 4; lastKnownFileType = sourcecode.swift; path = LocationManager.swift; sourceTree = "<group>"; };
		A108713F2CAE0F09008312B0 /* CollectionPointDetailView.swift */ = {isa = PBXFileReference; fileEncoding = 4; lastKnownFileType = sourcecode.swift; path = CollectionPointDetailView.swift; sourceTree = "<group>"; };
		A10871412CAE0F3B008312B0 /* ItemModel.swift */ = {isa = PBXFileReference; fileEncoding = 4; lastKnownFileType = sourcecode.swift; path = ItemModel.swift; sourceTree = "<group>"; };
		A10871432CAE0F4F008312B0 /* SearchBarView.swift */ = {isa = PBXFileReference; fileEncoding = 4; lastKnownFileType = sourcecode.swift; path = SearchBarView.swift; sourceTree = "<group>"; };
		A10871452CAE0F54008312B0 /* SearchViewController.swift */ = {isa = PBXFileReference; fileEncoding = 4; lastKnownFileType = sourcecode.swift; path = SearchViewController.swift; sourceTree = "<group>"; };
		A10871472CAE0F5D008312B0 /* ExpandableSearchView.swift */ = {isa = PBXFileReference; fileEncoding = 4; lastKnownFileType = sourcecode.swift; path = ExpandableSearchView.swift; sourceTree = "<group>"; };
		A1381FC72CC1F7670045993C /* CollectionPointViewModel.swift */ = {isa = PBXFileReference; lastKnownFileType = sourcecode.swift; path = CollectionPointViewModel.swift; sourceTree = "<group>"; };
		A1381FC92CC1FB420045993C /* ExpandableSearchViewModel.swift */ = {isa = PBXFileReference; lastKnownFileType = sourcecode.swift; path = ExpandableSearchViewModel.swift; sourceTree = "<group>"; };
		A1381FCB2CC203150045993C /* MapViewModel.swift */ = {isa = PBXFileReference; lastKnownFileType = sourcecode.swift; path = MapViewModel.swift; sourceTree = "<group>"; };
		A17760E72CC027C300F10420 /* Location.gpx */ = {isa = PBXFileReference; lastKnownFileType = text.xml; path = Location.gpx; sourceTree = "<group>"; };
		A17760E92CC0698000F10420 /* TopBarView.swift */ = {isa = PBXFileReference; lastKnownFileType = sourcecode.swift; path = TopBarView.swift; sourceTree = "<group>"; };
		A17760EB2CC19CCA00F10420 /* GoogleService-Info.plist */ = {isa = PBXFileReference; fileEncoding = 4; lastKnownFileType = text.plist.xml; path = "GoogleService-Info.plist"; sourceTree = "<group>"; };
		A177611F2CC1AAF300F10420 /* CameraPopupView.swift */ = {isa = PBXFileReference; lastKnownFileType = sourcecode.swift; path = CameraPopupView.swift; sourceTree = "<group>"; };
		A1F8761A2CAE183E002ACEE6 /* CollectionPointModel.swift */ = {isa = PBXFileReference; lastKnownFileType = sourcecode.swift; path = CollectionPointModel.swift; sourceTree = "<group>"; };
		CD0E4AFA2CC1F37700A220F3 /* CameraViewmodel.swift */ = {isa = PBXFileReference; lastKnownFileType = sourcecode.swift; path = CameraViewmodel.swift; sourceTree = "<group>"; };
		CD43FF4A2C9CF0FC0058AE09 /* SustainU.app */ = {isa = PBXFileReference; explicitFileType = wrapper.application; includeInIndex = 0; path = SustainU.app; sourceTree = BUILT_PRODUCTS_DIR; };
		CD43FF542C9CF0FE0058AE09 /* Preview Assets.xcassets */ = {isa = PBXFileReference; lastKnownFileType = folder.assetcatalog; path = "Preview Assets.xcassets"; sourceTree = "<group>"; };
		CD43FF5A2C9CF0FE0058AE09 /* SustainUTests.xctest */ = {isa = PBXFileReference; explicitFileType = wrapper.cfbundle; includeInIndex = 0; path = SustainUTests.xctest; sourceTree = BUILT_PRODUCTS_DIR; };
		CD43FF5E2C9CF0FE0058AE09 /* SustainUTests.swift */ = {isa = PBXFileReference; lastKnownFileType = sourcecode.swift; path = SustainUTests.swift; sourceTree = "<group>"; };
		CD43FF642C9CF0FE0058AE09 /* SustainUUITests.xctest */ = {isa = PBXFileReference; explicitFileType = wrapper.cfbundle; includeInIndex = 0; path = SustainUUITests.xctest; sourceTree = BUILT_PRODUCTS_DIR; };
		CD43FF682C9CF0FE0058AE09 /* SustainUUITests.swift */ = {isa = PBXFileReference; lastKnownFileType = sourcecode.swift; path = SustainUUITests.swift; sourceTree = "<group>"; };
		CD43FF6A2C9CF0FE0058AE09 /* SustainUUITestsLaunchTests.swift */ = {isa = PBXFileReference; lastKnownFileType = sourcecode.swift; path = SustainUUITestsLaunchTests.swift; sourceTree = "<group>"; };
		CD7FB2832CA8A36F00EE6601 /* Assets.xcassets */ = {isa = PBXFileReference; lastKnownFileType = folder.assetcatalog; path = Assets.xcassets; sourceTree = "<group>"; };
		CD7FB2862CA8A45A00EE6601 /* RequestModel.swift */ = {isa = PBXFileReference; lastKnownFileType = sourcecode.swift; path = RequestModel.swift; sourceTree = "<group>"; };
		CD7FB2882CA8A46F00EE6601 /* TrashTypeModel.swift */ = {isa = PBXFileReference; lastKnownFileType = sourcecode.swift; path = TrashTypeModel.swift; sourceTree = "<group>"; };
		CD7FB28A2CA8A51600EE6601 /* RequestService.swift */ = {isa = PBXFileReference; lastKnownFileType = sourcecode.swift; path = RequestService.swift; sourceTree = "<group>"; };
/* End PBXFileReference section */

/* Begin PBXFrameworksBuildPhase section */
		CD43FF472C9CF0FC0058AE09 /* Frameworks */ = {
			isa = PBXFrameworksBuildPhase;
			buildActionMask = 2147483647;
			files = (
				A17760EF2CC19FF600F10420 /* FirebaseAnalytics in Frameworks */,
				A17761052CC19FF600F10420 /* FirebaseFirestore in Frameworks */,
				A17760F12CC19FF600F10420 /* FirebaseAnalyticsOnDeviceConversion in Frameworks */,
				A177610F2CC19FF600F10420 /* FirebaseInstallations in Frameworks */,
				2BED14CF2CA89E02003F1862 /* Auth0 in Frameworks */,
				A177611D2CC19FF600F10420 /* FirebaseVertexAI-Preview in Frameworks */,
				A17760F52CC19FF600F10420 /* FirebaseAppCheck in Frameworks */,
				A177610D2CC19FF600F10420 /* FirebaseInAppMessaging-Beta in Frameworks */,
				A17760F32CC19FF600F10420 /* FirebaseAnalyticsWithoutAdIdSupport in Frameworks */,
				A17760F92CC19FF600F10420 /* FirebaseAuth in Frameworks */,
				A177610B2CC19FF600F10420 /* FirebaseFunctionsCombine-Community in Frameworks */,
				A177611B2CC19FF600F10420 /* FirebaseStorageCombine-Community in Frameworks */,
				A17760F72CC19FF600F10420 /* FirebaseAppDistribution-Beta in Frameworks */,
				A17761192CC19FF600F10420 /* FirebaseStorage in Frameworks */,
				A17761172CC19FF600F10420 /* FirebaseRemoteConfig in Frameworks */,
				A17760FF2CC19FF600F10420 /* FirebaseCrashlytics in Frameworks */,
				A17761132CC19FF600F10420 /* FirebaseMessaging in Frameworks */,
				A17761112CC19FF600F10420 /* FirebaseMLModelDownloader in Frameworks */,
				A17761152CC19FF600F10420 /* FirebasePerformance in Frameworks */,
				A17761012CC19FF600F10420 /* FirebaseDatabase in Frameworks */,
				A17760FD2CC19FF600F10420 /* FirebaseCore in Frameworks */,
				A17760FB2CC19FF600F10420 /* FirebaseAuthCombine-Community in Frameworks */,
				A17761092CC19FF600F10420 /* FirebaseFunctions in Frameworks */,
				A17761032CC19FF600F10420 /* FirebaseDynamicLinks in Frameworks */,
				A17761072CC19FF600F10420 /* FirebaseFirestoreCombine-Community in Frameworks */,
			);
			runOnlyForDeploymentPostprocessing = 0;
		};
		CD43FF572C9CF0FE0058AE09 /* Frameworks */ = {
			isa = PBXFrameworksBuildPhase;
			buildActionMask = 2147483647;
			files = (
			);
			runOnlyForDeploymentPostprocessing = 0;
		};
		CD43FF612C9CF0FE0058AE09 /* Frameworks */ = {
			isa = PBXFrameworksBuildPhase;
			buildActionMask = 2147483647;
			files = (
			);
			runOnlyForDeploymentPostprocessing = 0;
		};
/* End PBXFrameworksBuildPhase section */

/* Begin PBXGroup section */
		A10871492CAE1387008312B0 /* Services */ = {
			isa = PBXGroup;
			children = (
				CD7FB28A2CA8A51600EE6601 /* RequestService.swift */,
				A108713D2CAE0F04008312B0 /* LocationManager.swift */,
			);
			path = Services;
			sourceTree = "<group>";
		};
		A108714B2CAE13FC008312B0 /* Views */ = {
			isa = PBXGroup;
			children = (
				2BED14BE2CA89D90003F1862 /* CameraView.swift */,
				A177611F2CC1AAF300F10420 /* CameraPopupView.swift */,
				2BED14BA2CA89D90003F1862 /* ContentView.swift */,
				A17760E92CC0698000F10420 /* TopBarView.swift */,
				2BED14BC2CA89D90003F1862 /* GridMenuView.swift */,
				A108713B2CAE0EED008312B0 /* MapView.swift */,
				A10871432CAE0F4F008312B0 /* SearchBarView.swift */,
				A10871472CAE0F5D008312B0 /* ExpandableSearchView.swift */,
				A108713F2CAE0F09008312B0 /* CollectionPointDetailView.swift */,
				2BED14C02CA89D90003F1862 /* HomeView.swift */,
				2BED14BD2CA89D90003F1862 /* LoginView.swift */,
				A108714C2CAE15EE008312B0 /* UIKit */,
			);
			path = Views;
			sourceTree = "<group>";
		};
		A108714C2CAE15EE008312B0 /* UIKit */ = {
			isa = PBXGroup;
			children = (
				A10871452CAE0F54008312B0 /* SearchViewController.swift */,
			);
			path = UIKit;
			sourceTree = "<group>";
		};
		A10871512CAE1683008312B0 /* Resources */ = {
			isa = PBXGroup;
			children = (
				CD7FB2832CA8A36F00EE6601 /* Assets.xcassets */,
			);
			path = Resources;
			sourceTree = "<group>";
		};
    
    A1381FC62CC1F74F0045993C /* Viewmodels */ = {
	isa = PBXGroup;
	children = (
		A1381FC72CC1F7670045993C /* CollectionPointViewModel.swift */,
		A1381FC92CC1FB420045993C /* ExpandableSearchViewModel.swift */,
		A1381FCB2CC203150045993C /* MapViewModel.swift */,
		CD0E4AFA2CC1F37700A220F3 /* CameraViewmodel.swift */,
		2BD5A2E62CC29361009D9624 /* LoginViewModel.swift */
	);
	path = Viewmodels;
	sourceTree = "<group>";
};


		CD43FF412C9CF0FC0058AE09 = {
			isa = PBXGroup;
			children = (
				CD43FF4C2C9CF0FC0058AE09 /* SustainU */,
				CD43FF5D2C9CF0FE0058AE09 /* SustainUTests */,
				CD43FF672C9CF0FE0058AE09 /* SustainUUITests */,
				CD43FF4B2C9CF0FC0058AE09 /* Products */,
			);
			sourceTree = "<group>";
		};
		CD43FF4B2C9CF0FC0058AE09 /* Products */ = {
			isa = PBXGroup;
			children = (
				CD43FF4A2C9CF0FC0058AE09 /* SustainU.app */,
				CD43FF5A2C9CF0FE0058AE09 /* SustainUTests.xctest */,
				CD43FF642C9CF0FE0058AE09 /* SustainUUITests.xctest */,
			);
			name = Products;
			sourceTree = "<group>";
		};
		CD43FF4C2C9CF0FC0058AE09 /* SustainU */ = {
			isa = PBXGroup;
			children = (
				A1381FC62CC1F74F0045993C /* Viewmodels */,
				A17760EB2CC19CCA00F10420 /* GoogleService-Info.plist */,
				2BED14BF2CA89D90003F1862 /* Auth0.plist */,
				2BED14CB2CA89DDB003F1862 /* SustainUApp.swift */,
				A10871392CAE0EC5008312B0 /* APIConfig.swift */,
				A17760E72CC027C300F10420 /* Location.gpx */,
				A10871512CAE1683008312B0 /* Resources */,
				A10871492CAE1387008312B0 /* Services */,
				CD7FB2852CA8A3F000EE6601 /* Models */,
				A108714B2CAE13FC008312B0 /* Views */,
				CD43FF532C9CF0FE0058AE09 /* Preview Content */,
			);
			path = SustainU;
			sourceTree = "<group>";
		};
		CD43FF532C9CF0FE0058AE09 /* Preview Content */ = {
			isa = PBXGroup;
			children = (
				CD43FF542C9CF0FE0058AE09 /* Preview Assets.xcassets */,
			);
			path = "Preview Content";
			sourceTree = "<group>";
		};
		CD43FF5D2C9CF0FE0058AE09 /* SustainUTests */ = {
			isa = PBXGroup;
			children = (
				CD43FF5E2C9CF0FE0058AE09 /* SustainUTests.swift */,
			);
			path = SustainUTests;
			sourceTree = "<group>";
		};
		CD43FF672C9CF0FE0058AE09 /* SustainUUITests */ = {
			isa = PBXGroup;
			children = (
				CD43FF682C9CF0FE0058AE09 /* SustainUUITests.swift */,
				CD43FF6A2C9CF0FE0058AE09 /* SustainUUITestsLaunchTests.swift */,
			);
			path = SustainUUITests;
			sourceTree = "<group>";
		};
		CD7FB2852CA8A3F000EE6601 /* Models */ = {
			isa = PBXGroup;
			children = (
				2BED14B92CA89D90003F1862 /* ProfileModel.swift */,
				CD7FB2862CA8A45A00EE6601 /* RequestModel.swift */,
				A10871412CAE0F3B008312B0 /* ItemModel.swift */,
				CD7FB2882CA8A46F00EE6601 /* TrashTypeModel.swift */,
				A1F8761A2CAE183E002ACEE6 /* CollectionPointModel.swift */,
			);
			path = Models;
			sourceTree = "<group>";
		};
/* End PBXGroup section */

/* Begin PBXNativeTarget section */
		CD43FF492C9CF0FC0058AE09 /* SustainU */ = {
			isa = PBXNativeTarget;
			buildConfigurationList = CD43FF6E2C9CF0FE0058AE09 /* Build configuration list for PBXNativeTarget "SustainU" */;
			buildPhases = (
				CD43FF462C9CF0FC0058AE09 /* Sources */,
				CD43FF472C9CF0FC0058AE09 /* Frameworks */,
				CD43FF482C9CF0FC0058AE09 /* Resources */,
			);
			buildRules = (
			);
			dependencies = (
			);
			name = SustainU;
			packageProductDependencies = (
				2BED14CE2CA89E02003F1862 /* Auth0 */,
				A17760EE2CC19FF600F10420 /* FirebaseAnalytics */,
				A17760F02CC19FF600F10420 /* FirebaseAnalyticsOnDeviceConversion */,
				A17760F22CC19FF600F10420 /* FirebaseAnalyticsWithoutAdIdSupport */,
				A17760F42CC19FF600F10420 /* FirebaseAppCheck */,
				A17760F62CC19FF600F10420 /* FirebaseAppDistribution-Beta */,
				A17760F82CC19FF600F10420 /* FirebaseAuth */,
				A17760FA2CC19FF600F10420 /* FirebaseAuthCombine-Community */,
				A17760FC2CC19FF600F10420 /* FirebaseCore */,
				A17760FE2CC19FF600F10420 /* FirebaseCrashlytics */,
				A17761002CC19FF600F10420 /* FirebaseDatabase */,
				A17761022CC19FF600F10420 /* FirebaseDynamicLinks */,
				A17761042CC19FF600F10420 /* FirebaseFirestore */,
				A17761062CC19FF600F10420 /* FirebaseFirestoreCombine-Community */,
				A17761082CC19FF600F10420 /* FirebaseFunctions */,
				A177610A2CC19FF600F10420 /* FirebaseFunctionsCombine-Community */,
				A177610C2CC19FF600F10420 /* FirebaseInAppMessaging-Beta */,
				A177610E2CC19FF600F10420 /* FirebaseInstallations */,
				A17761102CC19FF600F10420 /* FirebaseMLModelDownloader */,
				A17761122CC19FF600F10420 /* FirebaseMessaging */,
				A17761142CC19FF600F10420 /* FirebasePerformance */,
				A17761162CC19FF600F10420 /* FirebaseRemoteConfig */,
				A17761182CC19FF600F10420 /* FirebaseStorage */,
				A177611A2CC19FF600F10420 /* FirebaseStorageCombine-Community */,
				A177611C2CC19FF600F10420 /* FirebaseVertexAI-Preview */,
			);
			productName = SustainU;
			productReference = CD43FF4A2C9CF0FC0058AE09 /* SustainU.app */;
			productType = "com.apple.product-type.application";
		};
		CD43FF592C9CF0FE0058AE09 /* SustainUTests */ = {
			isa = PBXNativeTarget;
			buildConfigurationList = CD43FF712C9CF0FE0058AE09 /* Build configuration list for PBXNativeTarget "SustainUTests" */;
			buildPhases = (
				CD43FF562C9CF0FE0058AE09 /* Sources */,
				CD43FF572C9CF0FE0058AE09 /* Frameworks */,
				CD43FF582C9CF0FE0058AE09 /* Resources */,
			);
			buildRules = (
			);
			dependencies = (
				CD43FF5C2C9CF0FE0058AE09 /* PBXTargetDependency */,
			);
			name = SustainUTests;
			productName = SustainUTests;
			productReference = CD43FF5A2C9CF0FE0058AE09 /* SustainUTests.xctest */;
			productType = "com.apple.product-type.bundle.unit-test";
		};
		CD43FF632C9CF0FE0058AE09 /* SustainUUITests */ = {
			isa = PBXNativeTarget;
			buildConfigurationList = CD43FF742C9CF0FE0058AE09 /* Build configuration list for PBXNativeTarget "SustainUUITests" */;
			buildPhases = (
				CD43FF602C9CF0FE0058AE09 /* Sources */,
				CD43FF612C9CF0FE0058AE09 /* Frameworks */,
				CD43FF622C9CF0FE0058AE09 /* Resources */,
			);
			buildRules = (
			);
			dependencies = (
				CD43FF662C9CF0FE0058AE09 /* PBXTargetDependency */,
			);
			name = SustainUUITests;
			productName = SustainUUITests;
			productReference = CD43FF642C9CF0FE0058AE09 /* SustainUUITests.xctest */;
			productType = "com.apple.product-type.bundle.ui-testing";
		};
/* End PBXNativeTarget section */

/* Begin PBXProject section */
		CD43FF422C9CF0FC0058AE09 /* Project object */ = {
			isa = PBXProject;
			attributes = {
				BuildIndependentTargetsInParallel = 1;
				LastSwiftUpdateCheck = 1530;
				LastUpgradeCheck = 1530;
				TargetAttributes = {
					CD43FF492C9CF0FC0058AE09 = {
						CreatedOnToolsVersion = 15.3;
						LastSwiftMigration = 1530;
					};
					CD43FF592C9CF0FE0058AE09 = {
						CreatedOnToolsVersion = 15.3;
						TestTargetID = CD43FF492C9CF0FC0058AE09;
					};
					CD43FF632C9CF0FE0058AE09 = {
						CreatedOnToolsVersion = 15.3;
						TestTargetID = CD43FF492C9CF0FC0058AE09;
					};
				};
			};
			buildConfigurationList = CD43FF452C9CF0FC0058AE09 /* Build configuration list for PBXProject "SustainU" */;
			compatibilityVersion = "Xcode 14.0";
			developmentRegion = en;
			hasScannedForEncodings = 0;
			knownRegions = (
				en,
				Base,
			);
			mainGroup = CD43FF412C9CF0FC0058AE09;
			packageReferences = (
				2BED14CD2CA89E02003F1862 /* XCRemoteSwiftPackageReference "Auth0" */,
				A17760ED2CC19D6300F10420 /* XCRemoteSwiftPackageReference "firebase-ios-sdk" */,
			);
			productRefGroup = CD43FF4B2C9CF0FC0058AE09 /* Products */;
			projectDirPath = "";
			projectRoot = "";
			targets = (
				CD43FF492C9CF0FC0058AE09 /* SustainU */,
				CD43FF592C9CF0FE0058AE09 /* SustainUTests */,
				CD43FF632C9CF0FE0058AE09 /* SustainUUITests */,
			);
		};
/* End PBXProject section */

/* Begin PBXResourcesBuildPhase section */
		CD43FF482C9CF0FC0058AE09 /* Resources */ = {
			isa = PBXResourcesBuildPhase;
			buildActionMask = 2147483647;
			files = (
				CD43FF552C9CF0FE0058AE09 /* Preview Assets.xcassets in Resources */,
				A17760EC2CC19CCA00F10420 /* GoogleService-Info.plist in Resources */,
				2BED14C82CA89D90003F1862 /* Auth0.plist in Resources */,
				CD7FB2842CA8A36F00EE6601 /* Assets.xcassets in Resources */,
			);
			runOnlyForDeploymentPostprocessing = 0;
		};
		CD43FF582C9CF0FE0058AE09 /* Resources */ = {
			isa = PBXResourcesBuildPhase;
			buildActionMask = 2147483647;
			files = (
			);
			runOnlyForDeploymentPostprocessing = 0;
		};
		CD43FF622C9CF0FE0058AE09 /* Resources */ = {
			isa = PBXResourcesBuildPhase;
			buildActionMask = 2147483647;
			files = (
			);
			runOnlyForDeploymentPostprocessing = 0;
		};
/* End PBXResourcesBuildPhase section */

/* Begin PBXSourcesBuildPhase section */
		CD43FF462C9CF0FC0058AE09 /* Sources */ = {
			isa = PBXSourcesBuildPhase;
			buildActionMask = 2147483647;
			files = (
				2BD5A2E72CC29361009D9624 /* LoginViewModel.swift in Sources */,
				2BED14C92CA89D90003F1862 /* HomeView.swift in Sources */,
				A1F8761B2CAE183E002ACEE6 /* CollectionPointModel.swift in Sources */,
				A10871482CAE0F5D008312B0 /* ExpandableSearchView.swift in Sources */,
				2BED14CC2CA89DDB003F1862 /* SustainUApp.swift in Sources */,
				CD0E4AFB2CC1F37700A220F3 /* CameraViewmodel.swift in Sources */,
				A108713A2CAE0EC5008312B0 /* APIConfig.swift in Sources */,
				A10871422CAE0F3B008312B0 /* ItemModel.swift in Sources */,
				A108713C2CAE0EED008312B0 /* MapView.swift in Sources */,
				2BED14C62CA89D90003F1862 /* LoginView.swift in Sources */,
				CD7FB28B2CA8A51600EE6601 /* RequestService.swift in Sources */,
				2BED14C22CA89D90003F1862 /* ProfileModel.swift in Sources */,
				A1381FCA2CC1FB420045993C /* ExpandableSearchViewModel.swift in Sources */,
				A17760EA2CC0698000F10420 /* TopBarView.swift in Sources */,
				A10871402CAE0F09008312B0 /* CollectionPointDetailView.swift in Sources */,
				2BED14C32CA89D90003F1862 /* ContentView.swift in Sources */,
				2BED14C52CA89D90003F1862 /* GridMenuView.swift in Sources */,
				A10871462CAE0F54008312B0 /* SearchViewController.swift in Sources */,
				A108713E2CAE0F04008312B0 /* LocationManager.swift in Sources */,
				A17761202CC1AAF300F10420 /* CameraPopupView.swift in Sources */,
				A1381FC82CC1F7670045993C /* CollectionPointViewModel.swift in Sources */,
				2BED14C72CA89D90003F1862 /* CameraView.swift in Sources */,
				CD7FB2892CA8A46F00EE6601 /* TrashTypeModel.swift in Sources */,
				A10871442CAE0F4F008312B0 /* SearchBarView.swift in Sources */,
				CD7FB2872CA8A45A00EE6601 /* RequestModel.swift in Sources */,
				A1381FCC2CC203150045993C /* MapViewModel.swift in Sources */,
			);
			runOnlyForDeploymentPostprocessing = 0;
		};
		CD43FF562C9CF0FE0058AE09 /* Sources */ = {
			isa = PBXSourcesBuildPhase;
			buildActionMask = 2147483647;
			files = (
				CD43FF5F2C9CF0FE0058AE09 /* SustainUTests.swift in Sources */,
			);
			runOnlyForDeploymentPostprocessing = 0;
		};
		CD43FF602C9CF0FE0058AE09 /* Sources */ = {
			isa = PBXSourcesBuildPhase;
			buildActionMask = 2147483647;
			files = (
				CD43FF6B2C9CF0FE0058AE09 /* SustainUUITestsLaunchTests.swift in Sources */,
				CD43FF692C9CF0FE0058AE09 /* SustainUUITests.swift in Sources */,
			);
			runOnlyForDeploymentPostprocessing = 0;
		};
/* End PBXSourcesBuildPhase section */

/* Begin PBXTargetDependency section */
		CD43FF5C2C9CF0FE0058AE09 /* PBXTargetDependency */ = {
			isa = PBXTargetDependency;
			target = CD43FF492C9CF0FC0058AE09 /* SustainU */;
			targetProxy = CD43FF5B2C9CF0FE0058AE09 /* PBXContainerItemProxy */;
		};
		CD43FF662C9CF0FE0058AE09 /* PBXTargetDependency */ = {
			isa = PBXTargetDependency;
			target = CD43FF492C9CF0FC0058AE09 /* SustainU */;
			targetProxy = CD43FF652C9CF0FE0058AE09 /* PBXContainerItemProxy */;
		};
/* End PBXTargetDependency section */

/* Begin XCBuildConfiguration section */
		CD43FF6C2C9CF0FE0058AE09 /* Debug */ = {
			isa = XCBuildConfiguration;
			buildSettings = {
				ALWAYS_SEARCH_USER_PATHS = NO;
				ASSETCATALOG_COMPILER_GENERATE_SWIFT_ASSET_SYMBOL_EXTENSIONS = YES;
				CLANG_ANALYZER_NONNULL = YES;
				CLANG_ANALYZER_NUMBER_OBJECT_CONVERSION = YES_AGGRESSIVE;
				CLANG_CXX_LANGUAGE_STANDARD = "gnu++20";
				CLANG_ENABLE_MODULES = YES;
				CLANG_ENABLE_OBJC_ARC = YES;
				CLANG_ENABLE_OBJC_WEAK = YES;
				CLANG_WARN_BLOCK_CAPTURE_AUTORELEASING = YES;
				CLANG_WARN_BOOL_CONVERSION = YES;
				CLANG_WARN_COMMA = YES;
				CLANG_WARN_CONSTANT_CONVERSION = YES;
				CLANG_WARN_DEPRECATED_OBJC_IMPLEMENTATIONS = YES;
				CLANG_WARN_DIRECT_OBJC_ISA_USAGE = YES_ERROR;
				CLANG_WARN_DOCUMENTATION_COMMENTS = YES;
				CLANG_WARN_EMPTY_BODY = YES;
				CLANG_WARN_ENUM_CONVERSION = YES;
				CLANG_WARN_INFINITE_RECURSION = YES;
				CLANG_WARN_INT_CONVERSION = YES;
				CLANG_WARN_NON_LITERAL_NULL_CONVERSION = YES;
				CLANG_WARN_OBJC_IMPLICIT_RETAIN_SELF = YES;
				CLANG_WARN_OBJC_LITERAL_CONVERSION = YES;
				CLANG_WARN_OBJC_ROOT_CLASS = YES_ERROR;
				CLANG_WARN_QUOTED_INCLUDE_IN_FRAMEWORK_HEADER = YES;
				CLANG_WARN_RANGE_LOOP_ANALYSIS = YES;
				CLANG_WARN_STRICT_PROTOTYPES = YES;
				CLANG_WARN_SUSPICIOUS_MOVE = YES;
				CLANG_WARN_UNGUARDED_AVAILABILITY = YES_AGGRESSIVE;
				CLANG_WARN_UNREACHABLE_CODE = YES;
				CLANG_WARN__DUPLICATE_METHOD_MATCH = YES;
				COPY_PHASE_STRIP = NO;
				DEBUG_INFORMATION_FORMAT = dwarf;
				ENABLE_STRICT_OBJC_MSGSEND = YES;
				ENABLE_TESTABILITY = YES;
				ENABLE_USER_SCRIPT_SANDBOXING = YES;
				GCC_C_LANGUAGE_STANDARD = gnu17;
				GCC_DYNAMIC_NO_PIC = NO;
				GCC_NO_COMMON_BLOCKS = YES;
				GCC_OPTIMIZATION_LEVEL = 0;
				GCC_PREPROCESSOR_DEFINITIONS = (
					"DEBUG=1",
					"$(inherited)",
				);
				GCC_WARN_64_TO_32_BIT_CONVERSION = YES;
				GCC_WARN_ABOUT_RETURN_TYPE = YES_ERROR;
				GCC_WARN_UNDECLARED_SELECTOR = YES;
				GCC_WARN_UNINITIALIZED_AUTOS = YES_AGGRESSIVE;
				GCC_WARN_UNUSED_FUNCTION = YES;
				GCC_WARN_UNUSED_VARIABLE = YES;
				IPHONEOS_DEPLOYMENT_TARGET = 17.4;
				LOCALIZATION_PREFERS_STRING_CATALOGS = YES;
				MTL_ENABLE_DEBUG_INFO = INCLUDE_SOURCE;
				MTL_FAST_MATH = YES;
				ONLY_ACTIVE_ARCH = YES;
				SDKROOT = iphoneos;
				SWIFT_ACTIVE_COMPILATION_CONDITIONS = "DEBUG $(inherited)";
				SWIFT_OPTIMIZATION_LEVEL = "-Onone";
			};
			name = Debug;
		};
		CD43FF6D2C9CF0FE0058AE09 /* Release */ = {
			isa = XCBuildConfiguration;
			buildSettings = {
				ALWAYS_SEARCH_USER_PATHS = NO;
				ASSETCATALOG_COMPILER_GENERATE_SWIFT_ASSET_SYMBOL_EXTENSIONS = YES;
				CLANG_ANALYZER_NONNULL = YES;
				CLANG_ANALYZER_NUMBER_OBJECT_CONVERSION = YES_AGGRESSIVE;
				CLANG_CXX_LANGUAGE_STANDARD = "gnu++20";
				CLANG_ENABLE_MODULES = YES;
				CLANG_ENABLE_OBJC_ARC = YES;
				CLANG_ENABLE_OBJC_WEAK = YES;
				CLANG_WARN_BLOCK_CAPTURE_AUTORELEASING = YES;
				CLANG_WARN_BOOL_CONVERSION = YES;
				CLANG_WARN_COMMA = YES;
				CLANG_WARN_CONSTANT_CONVERSION = YES;
				CLANG_WARN_DEPRECATED_OBJC_IMPLEMENTATIONS = YES;
				CLANG_WARN_DIRECT_OBJC_ISA_USAGE = YES_ERROR;
				CLANG_WARN_DOCUMENTATION_COMMENTS = YES;
				CLANG_WARN_EMPTY_BODY = YES;
				CLANG_WARN_ENUM_CONVERSION = YES;
				CLANG_WARN_INFINITE_RECURSION = YES;
				CLANG_WARN_INT_CONVERSION = YES;
				CLANG_WARN_NON_LITERAL_NULL_CONVERSION = YES;
				CLANG_WARN_OBJC_IMPLICIT_RETAIN_SELF = YES;
				CLANG_WARN_OBJC_LITERAL_CONVERSION = YES;
				CLANG_WARN_OBJC_ROOT_CLASS = YES_ERROR;
				CLANG_WARN_QUOTED_INCLUDE_IN_FRAMEWORK_HEADER = YES;
				CLANG_WARN_RANGE_LOOP_ANALYSIS = YES;
				CLANG_WARN_STRICT_PROTOTYPES = YES;
				CLANG_WARN_SUSPICIOUS_MOVE = YES;
				CLANG_WARN_UNGUARDED_AVAILABILITY = YES_AGGRESSIVE;
				CLANG_WARN_UNREACHABLE_CODE = YES;
				CLANG_WARN__DUPLICATE_METHOD_MATCH = YES;
				COPY_PHASE_STRIP = NO;
				DEBUG_INFORMATION_FORMAT = "dwarf-with-dsym";
				ENABLE_NS_ASSERTIONS = NO;
				ENABLE_STRICT_OBJC_MSGSEND = YES;
				ENABLE_USER_SCRIPT_SANDBOXING = YES;
				GCC_C_LANGUAGE_STANDARD = gnu17;
				GCC_NO_COMMON_BLOCKS = YES;
				GCC_WARN_64_TO_32_BIT_CONVERSION = YES;
				GCC_WARN_ABOUT_RETURN_TYPE = YES_ERROR;
				GCC_WARN_UNDECLARED_SELECTOR = YES;
				GCC_WARN_UNINITIALIZED_AUTOS = YES_AGGRESSIVE;
				GCC_WARN_UNUSED_FUNCTION = YES;
				GCC_WARN_UNUSED_VARIABLE = YES;
				IPHONEOS_DEPLOYMENT_TARGET = 17.4;
				LOCALIZATION_PREFERS_STRING_CATALOGS = YES;
				MTL_ENABLE_DEBUG_INFO = NO;
				MTL_FAST_MATH = YES;
				SDKROOT = iphoneos;
				SWIFT_COMPILATION_MODE = wholemodule;
				VALIDATE_PRODUCT = YES;
			};
			name = Release;
		};
		CD43FF6F2C9CF0FE0058AE09 /* Debug */ = {
			isa = XCBuildConfiguration;
			buildSettings = {
				ASSETCATALOG_COMPILER_APPICON_NAME = AppIcon;
				ASSETCATALOG_COMPILER_GLOBAL_ACCENT_COLOR_NAME = AccentColor;
				CLANG_ENABLE_MODULES = YES;
				CODE_SIGN_STYLE = Automatic;
				CURRENT_PROJECT_VERSION = 1;
				DEVELOPMENT_ASSET_PATHS = "\"SustainU/Preview Content\"";
				DEVELOPMENT_TEAM = F6L8ZM8N27;
				ENABLE_PREVIEWS = YES;
				GENERATE_INFOPLIST_FILE = YES;
				INFOPLIST_KEY_NSCameraUsageDescription = "We need to access your camera";
				INFOPLIST_KEY_NSLocationAlwaysUsageDescription = "We need to access your location";
				INFOPLIST_KEY_NSLocationWhenInUseUsageDescription = "We need to access your location";
				INFOPLIST_KEY_UIApplicationSceneManifest_Generation = YES;
				INFOPLIST_KEY_UIApplicationSupportsIndirectInputEvents = YES;
				INFOPLIST_KEY_UILaunchScreen_Generation = YES;
				INFOPLIST_KEY_UISupportedInterfaceOrientations = UIInterfaceOrientationPortrait;
				INFOPLIST_KEY_UISupportedInterfaceOrientations_iPad = "UIInterfaceOrientationLandscapeLeft UIInterfaceOrientationLandscapeRight UIInterfaceOrientationPortrait UIInterfaceOrientationPortraitUpsideDown";
				LD_RUNPATH_SEARCH_PATHS = (
					"$(inherited)",
					"@executable_path/Frameworks",
				);
				MARKETING_VERSION = 1.0;
				PRODUCT_BUNDLE_IDENTIFIER = "subgrupo-swift.SustainU";
				PRODUCT_NAME = "$(TARGET_NAME)";
				SWIFT_EMIT_LOC_STRINGS = YES;
				SWIFT_OPTIMIZATION_LEVEL = "-Onone";
				SWIFT_VERSION = 5.0;
				TARGETED_DEVICE_FAMILY = "1,2";
			};
			name = Debug;
		};
		CD43FF702C9CF0FE0058AE09 /* Release */ = {
			isa = XCBuildConfiguration;
			buildSettings = {
				ASSETCATALOG_COMPILER_APPICON_NAME = AppIcon;
				ASSETCATALOG_COMPILER_GLOBAL_ACCENT_COLOR_NAME = AccentColor;
				CLANG_ENABLE_MODULES = YES;
				CODE_SIGN_STYLE = Automatic;
				CURRENT_PROJECT_VERSION = 1;
				DEVELOPMENT_ASSET_PATHS = "\"SustainU/Preview Content\"";
				DEVELOPMENT_TEAM = F6L8ZM8N27;
				ENABLE_PREVIEWS = YES;
				GENERATE_INFOPLIST_FILE = YES;
				INFOPLIST_KEY_NSCameraUsageDescription = "We need to access your camera";
				INFOPLIST_KEY_NSLocationAlwaysUsageDescription = "We need to access your location";
				INFOPLIST_KEY_NSLocationWhenInUseUsageDescription = "We need to access your location";
				INFOPLIST_KEY_UIApplicationSceneManifest_Generation = YES;
				INFOPLIST_KEY_UIApplicationSupportsIndirectInputEvents = YES;
				INFOPLIST_KEY_UILaunchScreen_Generation = YES;
				INFOPLIST_KEY_UISupportedInterfaceOrientations = UIInterfaceOrientationPortrait;
				INFOPLIST_KEY_UISupportedInterfaceOrientations_iPad = "UIInterfaceOrientationLandscapeLeft UIInterfaceOrientationLandscapeRight UIInterfaceOrientationPortrait UIInterfaceOrientationPortraitUpsideDown";
				LD_RUNPATH_SEARCH_PATHS = (
					"$(inherited)",
					"@executable_path/Frameworks",
				);
				MARKETING_VERSION = 1.0;
				PRODUCT_BUNDLE_IDENTIFIER = "subgrupo-swift.SustainU";
				PRODUCT_NAME = "$(TARGET_NAME)";
				SWIFT_EMIT_LOC_STRINGS = YES;
				SWIFT_VERSION = 5.0;
				TARGETED_DEVICE_FAMILY = "1,2";
			};
			name = Release;
		};
		CD43FF722C9CF0FE0058AE09 /* Debug */ = {
			isa = XCBuildConfiguration;
			buildSettings = {
				ALWAYS_EMBED_SWIFT_STANDARD_LIBRARIES = YES;
				BUNDLE_LOADER = "$(TEST_HOST)";
				CODE_SIGN_STYLE = Automatic;
				CURRENT_PROJECT_VERSION = 1;
				DEVELOPMENT_TEAM = F6L8ZM8N27;
				GENERATE_INFOPLIST_FILE = YES;
				IPHONEOS_DEPLOYMENT_TARGET = 17.4;
				MARKETING_VERSION = 1.0;
				PRODUCT_BUNDLE_IDENTIFIER = "subgrupo-swift.SustainUTests";
				PRODUCT_NAME = "$(TARGET_NAME)";
				SWIFT_EMIT_LOC_STRINGS = NO;
				SWIFT_VERSION = 5.0;
				TARGETED_DEVICE_FAMILY = "1,2";
				TEST_HOST = "$(BUILT_PRODUCTS_DIR)/SustainU.app/$(BUNDLE_EXECUTABLE_FOLDER_PATH)/SustainU";
			};
			name = Debug;
		};
		CD43FF732C9CF0FE0058AE09 /* Release */ = {
			isa = XCBuildConfiguration;
			buildSettings = {
				ALWAYS_EMBED_SWIFT_STANDARD_LIBRARIES = YES;
				BUNDLE_LOADER = "$(TEST_HOST)";
				CODE_SIGN_STYLE = Automatic;
				CURRENT_PROJECT_VERSION = 1;
				DEVELOPMENT_TEAM = F6L8ZM8N27;
				GENERATE_INFOPLIST_FILE = YES;
				IPHONEOS_DEPLOYMENT_TARGET = 17.4;
				MARKETING_VERSION = 1.0;
				PRODUCT_BUNDLE_IDENTIFIER = "subgrupo-swift.SustainUTests";
				PRODUCT_NAME = "$(TARGET_NAME)";
				SWIFT_EMIT_LOC_STRINGS = NO;
				SWIFT_VERSION = 5.0;
				TARGETED_DEVICE_FAMILY = "1,2";
				TEST_HOST = "$(BUILT_PRODUCTS_DIR)/SustainU.app/$(BUNDLE_EXECUTABLE_FOLDER_PATH)/SustainU";
			};
			name = Release;
		};
		CD43FF752C9CF0FE0058AE09 /* Debug */ = {
			isa = XCBuildConfiguration;
			buildSettings = {
				ALWAYS_EMBED_SWIFT_STANDARD_LIBRARIES = YES;
				CODE_SIGN_STYLE = Automatic;
				CURRENT_PROJECT_VERSION = 1;
				DEVELOPMENT_TEAM = F6L8ZM8N27;
				GENERATE_INFOPLIST_FILE = YES;
				MARKETING_VERSION = 1.0;
				PRODUCT_BUNDLE_IDENTIFIER = "subgrupo-swift.SustainUUITests";
				PRODUCT_NAME = "$(TARGET_NAME)";
				SWIFT_EMIT_LOC_STRINGS = NO;
				SWIFT_VERSION = 5.0;
				TARGETED_DEVICE_FAMILY = "1,2";
				TEST_TARGET_NAME = SustainU;
			};
			name = Debug;
		};
		CD43FF762C9CF0FE0058AE09 /* Release */ = {
			isa = XCBuildConfiguration;
			buildSettings = {
				ALWAYS_EMBED_SWIFT_STANDARD_LIBRARIES = YES;
				CODE_SIGN_STYLE = Automatic;
				CURRENT_PROJECT_VERSION = 1;
				DEVELOPMENT_TEAM = F6L8ZM8N27;
				GENERATE_INFOPLIST_FILE = YES;
				MARKETING_VERSION = 1.0;
				PRODUCT_BUNDLE_IDENTIFIER = "subgrupo-swift.SustainUUITests";
				PRODUCT_NAME = "$(TARGET_NAME)";
				SWIFT_EMIT_LOC_STRINGS = NO;
				SWIFT_VERSION = 5.0;
				TARGETED_DEVICE_FAMILY = "1,2";
				TEST_TARGET_NAME = SustainU;
			};
			name = Release;
		};
/* End XCBuildConfiguration section */

/* Begin XCConfigurationList section */
		CD43FF452C9CF0FC0058AE09 /* Build configuration list for PBXProject "SustainU" */ = {
			isa = XCConfigurationList;
			buildConfigurations = (
				CD43FF6C2C9CF0FE0058AE09 /* Debug */,
				CD43FF6D2C9CF0FE0058AE09 /* Release */,
			);
			defaultConfigurationIsVisible = 0;
			defaultConfigurationName = Release;
		};
		CD43FF6E2C9CF0FE0058AE09 /* Build configuration list for PBXNativeTarget "SustainU" */ = {
			isa = XCConfigurationList;
			buildConfigurations = (
				CD43FF6F2C9CF0FE0058AE09 /* Debug */,
				CD43FF702C9CF0FE0058AE09 /* Release */,
			);
			defaultConfigurationIsVisible = 0;
			defaultConfigurationName = Release;
		};
		CD43FF712C9CF0FE0058AE09 /* Build configuration list for PBXNativeTarget "SustainUTests" */ = {
			isa = XCConfigurationList;
			buildConfigurations = (
				CD43FF722C9CF0FE0058AE09 /* Debug */,
				CD43FF732C9CF0FE0058AE09 /* Release */,
			);
			defaultConfigurationIsVisible = 0;
			defaultConfigurationName = Release;
		};
		CD43FF742C9CF0FE0058AE09 /* Build configuration list for PBXNativeTarget "SustainUUITests" */ = {
			isa = XCConfigurationList;
			buildConfigurations = (
				CD43FF752C9CF0FE0058AE09 /* Debug */,
				CD43FF762C9CF0FE0058AE09 /* Release */,
			);
			defaultConfigurationIsVisible = 0;
			defaultConfigurationName = Release;
		};
/* End XCConfigurationList section */

/* Begin XCRemoteSwiftPackageReference section */
		2BED14CD2CA89E02003F1862 /* XCRemoteSwiftPackageReference "Auth0" */ = {
			isa = XCRemoteSwiftPackageReference;
			repositoryURL = "https://github.com/auth0/Auth0.swift";
			requirement = {
				kind = upToNextMajorVersion;
				minimumVersion = 2.9.0;
			};
		};
		A17760ED2CC19D6300F10420 /* XCRemoteSwiftPackageReference "firebase-ios-sdk" */ = {
			isa = XCRemoteSwiftPackageReference;
			repositoryURL = "https://github.com/firebase/firebase-ios-sdk";
			requirement = {
				kind = upToNextMajorVersion;
				minimumVersion = 11.3.0;
			};
		};
/* End XCRemoteSwiftPackageReference section */

/* Begin XCSwiftPackageProductDependency section */
		2BED14CE2CA89E02003F1862 /* Auth0 */ = {
			isa = XCSwiftPackageProductDependency;
			package = 2BED14CD2CA89E02003F1862 /* XCRemoteSwiftPackageReference "Auth0" */;
			productName = Auth0;
		};
		A17760EE2CC19FF600F10420 /* FirebaseAnalytics */ = {
			isa = XCSwiftPackageProductDependency;
			package = A17760ED2CC19D6300F10420 /* XCRemoteSwiftPackageReference "firebase-ios-sdk" */;
			productName = FirebaseAnalytics;
		};
		A17760F02CC19FF600F10420 /* FirebaseAnalyticsOnDeviceConversion */ = {
			isa = XCSwiftPackageProductDependency;
			package = A17760ED2CC19D6300F10420 /* XCRemoteSwiftPackageReference "firebase-ios-sdk" */;
			productName = FirebaseAnalyticsOnDeviceConversion;
		};
		A17760F22CC19FF600F10420 /* FirebaseAnalyticsWithoutAdIdSupport */ = {
			isa = XCSwiftPackageProductDependency;
			package = A17760ED2CC19D6300F10420 /* XCRemoteSwiftPackageReference "firebase-ios-sdk" */;
			productName = FirebaseAnalyticsWithoutAdIdSupport;
		};
		A17760F42CC19FF600F10420 /* FirebaseAppCheck */ = {
			isa = XCSwiftPackageProductDependency;
			package = A17760ED2CC19D6300F10420 /* XCRemoteSwiftPackageReference "firebase-ios-sdk" */;
			productName = FirebaseAppCheck;
		};
		A17760F62CC19FF600F10420 /* FirebaseAppDistribution-Beta */ = {
			isa = XCSwiftPackageProductDependency;
			package = A17760ED2CC19D6300F10420 /* XCRemoteSwiftPackageReference "firebase-ios-sdk" */;
			productName = "FirebaseAppDistribution-Beta";
		};
		A17760F82CC19FF600F10420 /* FirebaseAuth */ = {
			isa = XCSwiftPackageProductDependency;
			package = A17760ED2CC19D6300F10420 /* XCRemoteSwiftPackageReference "firebase-ios-sdk" */;
			productName = FirebaseAuth;
		};
		A17760FA2CC19FF600F10420 /* FirebaseAuthCombine-Community */ = {
			isa = XCSwiftPackageProductDependency;
			package = A17760ED2CC19D6300F10420 /* XCRemoteSwiftPackageReference "firebase-ios-sdk" */;
			productName = "FirebaseAuthCombine-Community";
		};
		A17760FC2CC19FF600F10420 /* FirebaseCore */ = {
			isa = XCSwiftPackageProductDependency;
			package = A17760ED2CC19D6300F10420 /* XCRemoteSwiftPackageReference "firebase-ios-sdk" */;
			productName = FirebaseCore;
		};
		A17760FE2CC19FF600F10420 /* FirebaseCrashlytics */ = {
			isa = XCSwiftPackageProductDependency;
			package = A17760ED2CC19D6300F10420 /* XCRemoteSwiftPackageReference "firebase-ios-sdk" */;
			productName = FirebaseCrashlytics;
		};
		A17761002CC19FF600F10420 /* FirebaseDatabase */ = {
			isa = XCSwiftPackageProductDependency;
			package = A17760ED2CC19D6300F10420 /* XCRemoteSwiftPackageReference "firebase-ios-sdk" */;
			productName = FirebaseDatabase;
		};
		A17761022CC19FF600F10420 /* FirebaseDynamicLinks */ = {
			isa = XCSwiftPackageProductDependency;
			package = A17760ED2CC19D6300F10420 /* XCRemoteSwiftPackageReference "firebase-ios-sdk" */;
			productName = FirebaseDynamicLinks;
		};
		A17761042CC19FF600F10420 /* FirebaseFirestore */ = {
			isa = XCSwiftPackageProductDependency;
			package = A17760ED2CC19D6300F10420 /* XCRemoteSwiftPackageReference "firebase-ios-sdk" */;
			productName = FirebaseFirestore;
		};
		A17761062CC19FF600F10420 /* FirebaseFirestoreCombine-Community */ = {
			isa = XCSwiftPackageProductDependency;
			package = A17760ED2CC19D6300F10420 /* XCRemoteSwiftPackageReference "firebase-ios-sdk" */;
			productName = "FirebaseFirestoreCombine-Community";
		};
		A17761082CC19FF600F10420 /* FirebaseFunctions */ = {
			isa = XCSwiftPackageProductDependency;
			package = A17760ED2CC19D6300F10420 /* XCRemoteSwiftPackageReference "firebase-ios-sdk" */;
			productName = FirebaseFunctions;
		};
		A177610A2CC19FF600F10420 /* FirebaseFunctionsCombine-Community */ = {
			isa = XCSwiftPackageProductDependency;
			package = A17760ED2CC19D6300F10420 /* XCRemoteSwiftPackageReference "firebase-ios-sdk" */;
			productName = "FirebaseFunctionsCombine-Community";
		};
		A177610C2CC19FF600F10420 /* FirebaseInAppMessaging-Beta */ = {
			isa = XCSwiftPackageProductDependency;
			package = A17760ED2CC19D6300F10420 /* XCRemoteSwiftPackageReference "firebase-ios-sdk" */;
			productName = "FirebaseInAppMessaging-Beta";
		};
		A177610E2CC19FF600F10420 /* FirebaseInstallations */ = {
			isa = XCSwiftPackageProductDependency;
			package = A17760ED2CC19D6300F10420 /* XCRemoteSwiftPackageReference "firebase-ios-sdk" */;
			productName = FirebaseInstallations;
		};
		A17761102CC19FF600F10420 /* FirebaseMLModelDownloader */ = {
			isa = XCSwiftPackageProductDependency;
			package = A17760ED2CC19D6300F10420 /* XCRemoteSwiftPackageReference "firebase-ios-sdk" */;
			productName = FirebaseMLModelDownloader;
		};
		A17761122CC19FF600F10420 /* FirebaseMessaging */ = {
			isa = XCSwiftPackageProductDependency;
			package = A17760ED2CC19D6300F10420 /* XCRemoteSwiftPackageReference "firebase-ios-sdk" */;
			productName = FirebaseMessaging;
		};
		A17761142CC19FF600F10420 /* FirebasePerformance */ = {
			isa = XCSwiftPackageProductDependency;
			package = A17760ED2CC19D6300F10420 /* XCRemoteSwiftPackageReference "firebase-ios-sdk" */;
			productName = FirebasePerformance;
		};
		A17761162CC19FF600F10420 /* FirebaseRemoteConfig */ = {
			isa = XCSwiftPackageProductDependency;
			package = A17760ED2CC19D6300F10420 /* XCRemoteSwiftPackageReference "firebase-ios-sdk" */;
			productName = FirebaseRemoteConfig;
		};
		A17761182CC19FF600F10420 /* FirebaseStorage */ = {
			isa = XCSwiftPackageProductDependency;
			package = A17760ED2CC19D6300F10420 /* XCRemoteSwiftPackageReference "firebase-ios-sdk" */;
			productName = FirebaseStorage;
		};
		A177611A2CC19FF600F10420 /* FirebaseStorageCombine-Community */ = {
			isa = XCSwiftPackageProductDependency;
			package = A17760ED2CC19D6300F10420 /* XCRemoteSwiftPackageReference "firebase-ios-sdk" */;
			productName = "FirebaseStorageCombine-Community";
		};
		A177611C2CC19FF600F10420 /* FirebaseVertexAI-Preview */ = {
			isa = XCSwiftPackageProductDependency;
			package = A17760ED2CC19D6300F10420 /* XCRemoteSwiftPackageReference "firebase-ios-sdk" */;
			productName = "FirebaseVertexAI-Preview";
		};
/* End XCSwiftPackageProductDependency section */
	};
	rootObject = CD43FF422C9CF0FC0058AE09 /* Project object */;
}
